
Microsoft Visual Studio Solution File, Format Version 12.00
# Visual Studio Version 17
VisualStudioVersion = 17.4.33213.308
MinimumVisualStudioVersion = 10.0.40219.1
Project("{2150E333-8FDC-42A3-9474-1A3956D46DE8}") = "01Main", "01Main", "{F0382610-F71A-4943-9030-2431065A4263}"
EndProject
Project("{2150E333-8FDC-42A3-9474-1A3956D46DE8}") = "03Plugin", "03Plugin", "{747E6C9C-8B00-44E8-B35B-0B898A952280}"
EndProject
Project("{2150E333-8FDC-42A3-9474-1A3956D46DE8}") = "02Common", "02Common", "{DDD04C96-B715-4021-9F6B-68C496C9198F}"
EndProject
Project("{FAE04EC0-301F-11D3-BF4B-00C04F79EFBC}") = "StyleBase", "StyleBase\StyleBase.csproj", "{6687B86A-6A2A-44BC-9548-44A904332EC4}"
EndProject
Project("{FAE04EC0-301F-11D3-BF4B-00C04F79EFBC}") = "ClassLibBase", "ClassLibBase\ClassLibBase.csproj", "{AF0E2684-5E14-4A8F-8D5B-950515C7AC9B}"
EndProject
Project("{FAE04EC0-301F-11D3-BF4B-00C04F79EFBC}") = "VisionCore", "VisionCore\VisionCore.csproj", "{FDC52FE5-AA83-44EE-AA8E-61C366F58723}"
EndProject
Project("{FAE04EC0-301F-11D3-BF4B-00C04F79EFBC}") = "HWindow_Tool", "halcon控件\HWindow_Tool.csproj", "{9BAA53FD-89B5-43E2-AC59-A27B006DEBB6}"
EndProject
Project("{FAE04EC0-301F-11D3-BF4B-00C04F79EFBC}") = "Common", "Common\Common.csproj", "{77ED73E8-1D87-40A0-A37A-B5C1EE2CE586}"
EndProject
Project("{FAE04EC0-301F-11D3-BF4B-00C04F79EFBC}") = "ModuleCamera", "ModuleCamera\ModuleCamera.csproj", "{A0DEEF78-814F-451C-8089-455B4184A894}"
EndProject
Project("{FAE04EC0-301F-11D3-BF4B-00C04F79EFBC}") = "ModuleDataVar", "ModuleDataVar\ModuleDataVar.csproj", "{E0B10532-137B-4A68-8E31-91F9B071E6B5}"
EndProject
Project("{FAE04EC0-301F-11D3-BF4B-00C04F79EFBC}") = "PublicDefine", "PublicDefine\PublicDefine.csproj", "{73731027-FFBF-45EE-89F3-12C165185728}"
EndProject
Project("{FAE04EC0-301F-11D3-BF4B-00C04F79EFBC}") = "DefineImgRoI", "DefineImgRoI\DefineImgRoI.csproj", "{511A53C4-45EE-4C5C-9862-F0B903BDB99A}"
EndProject
Project("{FAE04EC0-301F-11D3-BF4B-00C04F79EFBC}") = "Plugin.MeasureCircle", "Plugin.MeasureCircle\Plugin.MeasureCircle.csproj", "{1E6595AE-E37B-417C-8A8C-614184104860}"
EndProject
Project("{FAE04EC0-301F-11D3-BF4B-00C04F79EFBC}") = "Plugin.LapseTime", "Plugin.LapseTime\Plugin.LapseTime.csproj", "{6E53EB79-4228-43A9-8527-FA124452DD3C}"
EndProject
Project("{FAE04EC0-301F-11D3-BF4B-00C04F79EFBC}") = "Plugin.AffineTrans", "Plugin.AffineTrans\Plugin.AffineTrans.csproj", "{3D4662B7-385D-4039-94FE-C45F696977C9}"
EndProject
Project("{FAE04EC0-301F-11D3-BF4B-00C04F79EFBC}") = "Plugin.QrCord", "Plugin.QrCord\Plugin.QrCord.csproj", "{B3EE9F40-1890-4F9D-BEBD-E16A02F6FCFA}"
EndProject
Project("{FAE04EC0-301F-11D3-BF4B-00C04F79EFBC}") = "Plugin.ImageAreaReg", "Plugin.ImageAreaReg\Plugin.ImageAreaReg.csproj", "{1E5F3EFB-B57B-4156-A0E6-5C804B5747A2}"
EndProject
Project("{FAE04EC0-301F-11D3-BF4B-00C04F79EFBC}") = "SysHelper", "SysHelper\SysHelper.csproj", "{79BE596B-AA63-4B18-8212-0145905965D3}"
EndProject
Project("{FAE04EC0-301F-11D3-BF4B-00C04F79EFBC}") = "Plugin.NpointsCalibration", "Plugin.NpointsCalibration\Plugin.NpointsCalibration.csproj", "{0344276A-0A24-47AE-A841-012257BF7902}"
EndProject
Project("{FAE04EC0-301F-11D3-BF4B-00C04F79EFBC}") = "Plugin.TcpSend", "Plugin.TcpSend\Plugin.TcpSend.csproj", "{BC116B56-E141-475D-8AAB-54A3B51A98B9}"
EndProject
Project("{FAE04EC0-301F-11D3-BF4B-00C04F79EFBC}") = "Plugin.TcpReceive", "Plugin.TcpReceive\Plugin.TcpReceive.csproj", "{B01AD80A-F967-4319-8F8C-AFA97CD3006E}"
EndProject
Project("{FAE04EC0-301F-11D3-BF4B-00C04F79EFBC}") = "Plugin.DistortionCorrection", "Plugin.DistortionCorrection\Plugin.DistortionCorrection.csproj", "{0A86A8E1-F030-4ECD-A951-8DE18EF1471C}"
EndProject
Project("{FAE04EC0-301F-11D3-BF4B-00C04F79EFBC}") = "CommunaCation", "CommunaCation\CommunaCation.csproj", "{1D599386-D6A4-4FF8-96B4-A873A41BA73D}"
EndProject
Project("{FAE04EC0-301F-11D3-BF4B-00C04F79EFBC}") = "Plugin.MeasureLine", "Plugin.MeasureLine\Plugin.MeasureLine.csproj", "{A6054E4D-2F99-4EBE-BAE0-147055A87DE2}"
EndProject
Project("{FAE04EC0-301F-11D3-BF4B-00C04F79EFBC}") = "Plugin.VBScript", "Plugin.VBScript\Plugin.VBScript.csproj", "{CDB6ADCB-00DF-4C36-BFA6-22B96E6B2756}"
EndProject
Project("{FAE04EC0-301F-11D3-BF4B-00C04F79EFBC}") = "Plugin.MeasureCalibration", "Plugin.MeasureCalibration\Plugin.MeasureCalibration.csproj", "{2AEE84AA-934B-4797-BC30-69C98BA88CE6}"
EndProject
Project("{FAE04EC0-301F-11D3-BF4B-00C04F79EFBC}") = "Plugin.DistanceLL", "Plugin.DistanceLL\Plugin.DistanceLL.csproj", "{F98E4538-20CF-4AA0-9332-14FE67CEBD5D}"
EndProject
Project("{FAE04EC0-301F-11D3-BF4B-00C04F79EFBC}") = "Plugin.DistancePL", "Plugin.DistancePL\Plugin.DistancePL.csproj", "{3AAAA130-9236-414E-A90E-C50ED40219D1}"
EndProject
Project("{FAE04EC0-301F-11D3-BF4B-00C04F79EFBC}") = "Plugin.IntersectionPoint", "Plugin.IntersectionPoint\Plugin.IntersectionPoint.csproj", "{E072404C-9E70-4DAB-B197-DE1E4B895F6C}"
EndProject
Project("{FAE04EC0-301F-11D3-BF4B-00C04F79EFBC}") = "Plugin.DistancePP", "Plugin.DistancePP\Plugin.DistancePP.csproj", "{BDA1548B-E6D8-4E7B-B962-68CD35B7E195}"
EndProject
Project("{FAE04EC0-301F-11D3-BF4B-00C04F79EFBC}") = "Plugin.GeomCreateRoI", "Plugin.GeomCreateRoI\Plugin.GeomCreateRoI.csproj", "{02EEA550-32C0-490B-ABDE-C9D185D6D50C}"
EndProject
Project("{FAE04EC0-301F-11D3-BF4B-00C04F79EFBC}") = "Plugin.ImagePretreat", "Plugin.ImagePretreat\Plugin.ImagePretreat.csproj", "{71755B40-A585-419E-BD03-9556AB765201}"
EndProject
Project("{FAE04EC0-301F-11D3-BF4B-00C04F79EFBC}") = "Plugin.PlcMessage", "Plugin.PlcMessage\Plugin.PlcMessage.csproj", "{B4C3E59B-6C0F-4ECB-8613-A791C8BE9205}"
EndProject
Project("{FAE04EC0-301F-11D3-BF4B-00C04F79EFBC}") = "Plugin.PlcSendMessage", "Plugin.PlcSendMessage\Plugin.PlcSendMessage.csproj", "{22CA4ABA-D9F9-4A16-8E8D-9DBAF98E493B}"
EndProject
Project("{FAE04EC0-301F-11D3-BF4B-00C04F79EFBC}") = "Plugin.PlcReceiveMessage", "Plugin.PlcReceiveMessage\Plugin.PlcReceiveMessage.csproj", "{0741B6E1-E65E-44BC-8B30-9E205CCEDB4D}"
EndProject
Project("{FAE04EC0-301F-11D3-BF4B-00C04F79EFBC}") = "CommunaCationPLC", "CommunaCationPLC\CommunaCationPLC.csproj", "{7AC2B5B5-D82B-491A-91E5-6F10F7B62F02}"
EndProject
Project("{FAE04EC0-301F-11D3-BF4B-00C04F79EFBC}") = "Plugin.DataEntry", "Plugin.DataEntry\Plugin.DataEntry.csproj", "{ECB640AD-F1F9-4C99-9456-80A74D3C870A}"
EndProject
Project("{FAE04EC0-301F-11D3-BF4B-00C04F79EFBC}") = "Plugin.DataQueue", "Plugin.DataQueue\Plugin.DataQueue.csproj", "{B37BF888-07F0-43AA-AAED-002E2205FFC7}"
EndProject
Project("{FAE04EC0-301F-11D3-BF4B-00C04F79EFBC}") = "Plugin.DataClearing", "Plugin.DataClearing\Plugin.DataClearing.csproj", "{DFFF2AD6-1DD8-49C7-9687-714BDC8DBBBD}"
EndProject
Project("{FAE04EC0-301F-11D3-BF4B-00C04F79EFBC}") = "Plugin.LogicIF", "Plugin.LogicIF\Plugin.LogicIF.csproj", "{6491C72C-90CF-44A5-9FF2-B83B35327A65}"
EndProject
Project("{FAE04EC0-301F-11D3-BF4B-00C04F79EFBC}") = "Plugin.LogicEnd", "Plugin.LogicEnd\Plugin.LogicEnd.csproj", "{7664CE0D-E3D1-4783-90E6-17749CA32976}"
EndProject
Project("{FAE04EC0-301F-11D3-BF4B-00C04F79EFBC}") = "Plugin.DataVarDefinition", "Plugin.DataVarDefinition\Plugin.DataVarDefinition.csproj", "{A35E2834-F868-463B-A320-E20D807D59B2}"
EndProject
Project("{FAE04EC0-301F-11D3-BF4B-00C04F79EFBC}") = "Plugin.DataVarSet", "Plugin.DataVarSet\Plugin.DataVarSet.csproj", "{6568589E-CC2F-4788-8D60-B716757311DC}"
EndProject
Project("{2150E333-8FDC-42A3-9474-1A3956D46DE8}") = "1、ImageProcess", "1、ImageProcess", "{89A7939C-1AA5-4E17-B29E-56AFDB1CA52C}"
EndProject
Project("{2150E333-8FDC-42A3-9474-1A3956D46DE8}") = "2、ImageDetection", "2、ImageDetection", "{7FBF8F80-CA2D-4E24-ADA4-4D3625A7B52B}"
EndProject
Project("{2150E333-8FDC-42A3-9474-1A3956D46DE8}") = "3、Measure", "3、Measure", "{839F0CB5-E001-4117-AA34-825D29DEC0B7}"
EndProject
Project("{2150E333-8FDC-42A3-9474-1A3956D46DE8}") = "4、Npoints", "4、Npoints", "{36A1B77F-A401-4EF3-A7DD-8960E1BD6501}"
EndProject
Project("{2150E333-8FDC-42A3-9474-1A3956D46DE8}") = "5、Logic", "5、Logic", "{535ACDC7-3555-4207-92DA-80AD5F5002DA}"
EndProject
Project("{2150E333-8FDC-42A3-9474-1A3956D46DE8}") = "6、DataTool", "6、DataTool", "{B2758F6B-AC4F-421F-A2FC-DFE81DB485FA}"
EndProject
Project("{2150E333-8FDC-42A3-9474-1A3956D46DE8}") = "7、ECommunaCation", "7、ECommunaCation", "{C74FDA6C-C2D0-45E8-BDC6-E9C5ACB16303}"
EndProject
Project("{FAE04EC0-301F-11D3-BF4B-00C04F79EFBC}") = "Plugin.ImageSave", "Plugin.ImageSave\Plugin.ImageSave.csproj", "{AEFF5711-A047-4EA7-8CE4-A26A63734C03}"
EndProject
Project("{FAE04EC0-301F-11D3-BF4B-00C04F79EFBC}") = "Plugin.TemplateMatch", "Plugin.TemplateMatch\Plugin.TemplateMatch.csproj", "{548A0564-6B1A-4494-A281-84D4A111A0C7}"
EndProject
Project("{FAE04EC0-301F-11D3-BF4B-00C04F79EFBC}") = "Plugin.ImageScript", "Plugin.ImageScript\Plugin.ImageScript.csproj", "{C4E52770-10D4-4218-AACB-9AE6DA7DEEAF}"
EndProject
Project("{FAE04EC0-301F-11D3-BF4B-00C04F79EFBC}") = "Plugin.SaveCSV", "Plugin.SaveCSV\Plugin.SaveCSV.csproj", "{8801D951-4A1D-47FF-A2E5-44873262745E}"
EndProject
Project("{FAE04EC0-301F-11D3-BF4B-00C04F79EFBC}") = "Plugin.RobotCotrol", "Plugin.RobotCotrol\Plugin.RobotCotrol.csproj", "{6A7BDF8E-8E54-42AA-99E3-BCBC7BABA124}"
EndProject
Project("{FAE04EC0-301F-11D3-BF4B-00C04F79EFBC}") = "Plugin.VectorAngleToRigid", "Plugin.VectorAngleToRigid\Plugin.VectorAngleToRigid.csproj", "{CE761665-1F2C-433D-97E0-E619B2CDD581}"
EndProject
Project("{FAE04EC0-301F-11D3-BF4B-00C04F79EFBC}") = "Plugin.SwitchItems", "Plugin.SwitchItems\Plugin.SwitchItems.csproj", "{508DDF57-F3BF-459E-B50A-B43A74A4EE85}"
EndProject
Project("{FAE04EC0-301F-11D3-BF4B-00C04F79EFBC}") = "HslCommunication_Net45", "HslCommunication_Net45\HslCommunication_Net45.csproj", "{7F8029DA-1B94-4B1D-B91F-5B21DBF2F3A2}"
EndProject
Project("{FAE04EC0-301F-11D3-BF4B-00C04F79EFBC}") = "Plugin.BlobAnalysis", "Plugin.BlobAnalysis\Plugin.BlobAnalysis.csproj", "{0D509C46-D2AF-40FE-9FA7-93933E80A568}"
EndProject
Project("{FAE04EC0-301F-11D3-BF4B-00C04F79EFBC}") = "Plugin.HalconDistortion", "Plugin.HalconDistortion\Plugin.HalconDistortion.csproj", "{C6DEC70A-F183-43B9-9052-F830F6CCE589}"
EndProject
Project("{FAE04EC0-301F-11D3-BF4B-00C04F79EFBC}") = "Plugin.ExecutionProcess", "Plugin.ExecutionProcess\Plugin.ExecutionProcess.csproj", "{7B4580F8-FB42-4E1D-A0E7-9D83D4FA8FB2}"
EndProject
Project("{FAE04EC0-301F-11D3-BF4B-00C04F79EFBC}") = "Plugin.ImageDisplay", "Plugin.ImageDisplay\Plugin.ImageDisplay.csproj", "{29444D36-12BB-4A09-909E-5DA35B46E450}"
EndProject
Project("{FAE04EC0-301F-11D3-BF4B-00C04F79EFBC}") = "Plugin.ImagesUnit", "Plugin.ImagesUnit\Plugin.ImagesUnit.csproj", "{4C76DC5A-E9AA-4D9F-909E-B3F949F9DCA9}"
EndProject
Project("{FAE04EC0-301F-11D3-BF4B-00C04F79EFBC}") = "Plugin.ImagesPolar", "Plugin.ImagesPolar\Plugin.ImagesPolar.csproj", "{F0151142-A885-4D3B-B247-33BC82852FEC}"
EndProject
Project("{FAE04EC0-301F-11D3-BF4B-00C04F79EFBC}") = "Plugin.LogicCycleStart", "Plugin.LogicCycleStart\Plugin.LogicCycleStart.csproj", "{424DAFC2-612E-4D29-B511-683AEABB9E52}"
EndProject
Project("{FAE04EC0-301F-11D3-BF4B-00C04F79EFBC}") = "Plugin.LogicCycleEnd", "Plugin.LogicCycleEnd\Plugin.LogicCycleEnd.csproj", "{87A4075A-E5A2-4613-9E59-E70818E698D4}"
EndProject
Project("{FAE04EC0-301F-11D3-BF4B-00C04F79EFBC}") = "Plugin.ArrayDefinition", "Plugin.ArrayDefinition\Plugin.ArrayDefinition.csproj", "{6901CCEC-A26B-4E3A-A7DC-911EBEF78098}"
EndProject
Project("{FAE04EC0-301F-11D3-BF4B-00C04F79EFBC}") = "Plugin.ArraySet", "Plugin.ArraySet\Plugin.ArraySet.csproj", "{8B8A15DA-1ED1-42B9-BC97-2DA80AE4F10D}"
EndProject
Project("{FAE04EC0-301F-11D3-BF4B-00C04F79EFBC}") = "Plugin.LogicCycleStop", "Plugin.LogicCycleStop\Plugin.LogicCycleStop.csproj", "{BF88397B-6422-4F5C-AA05-F97936C35CA4}"
EndProject
Project("{FAE04EC0-301F-11D3-BF4B-00C04F79EFBC}") = "NExtVison", "NExtVison\NExtVison.csproj", "{7F0FC3E1-E971-4D12-A701-4E1C1909D09F}"
EndProject
Global
	GlobalSection(SolutionConfigurationPlatforms) = preSolution
		Debug|Any CPU = Debug|Any CPU
		Debug|x64 = Debug|x64
		Debug|x86 = Debug|x86
		Release|Any CPU = Release|Any CPU
		Release|x64 = Release|x64
		Release|x86 = Release|x86
	EndGlobalSection
	GlobalSection(ProjectConfigurationPlatforms) = postSolution
		{6687B86A-6A2A-44BC-9548-44A904332EC4}.Debug|Any CPU.ActiveCfg = Debug|Any CPU
		{6687B86A-6A2A-44BC-9548-44A904332EC4}.Debug|Any CPU.Build.0 = Debug|Any CPU
		{6687B86A-6A2A-44BC-9548-44A904332EC4}.Debug|x64.ActiveCfg = Debug|Any CPU
		{6687B86A-6A2A-44BC-9548-44A904332EC4}.Debug|x64.Build.0 = Debug|Any CPU
		{6687B86A-6A2A-44BC-9548-44A904332EC4}.Debug|x86.ActiveCfg = Debug|Any CPU
		{6687B86A-6A2A-44BC-9548-44A904332EC4}.Debug|x86.Build.0 = Debug|Any CPU
		{6687B86A-6A2A-44BC-9548-44A904332EC4}.Release|Any CPU.ActiveCfg = Release|Any CPU
		{6687B86A-6A2A-44BC-9548-44A904332EC4}.Release|Any CPU.Build.0 = Release|Any CPU
		{6687B86A-6A2A-44BC-9548-44A904332EC4}.Release|x64.ActiveCfg = Release|Any CPU
		{6687B86A-6A2A-44BC-9548-44A904332EC4}.Release|x64.Build.0 = Release|Any CPU
		{6687B86A-6A2A-44BC-9548-44A904332EC4}.Release|x86.ActiveCfg = Release|Any CPU
		{6687B86A-6A2A-44BC-9548-44A904332EC4}.Release|x86.Build.0 = Release|Any CPU
		{AF0E2684-5E14-4A8F-8D5B-950515C7AC9B}.Debug|Any CPU.ActiveCfg = Debug|Any CPU
		{AF0E2684-5E14-4A8F-8D5B-950515C7AC9B}.Debug|Any CPU.Build.0 = Debug|Any CPU
		{AF0E2684-5E14-4A8F-8D5B-950515C7AC9B}.Debug|x64.ActiveCfg = Debug|Any CPU
		{AF0E2684-5E14-4A8F-8D5B-950515C7AC9B}.Debug|x64.Build.0 = Debug|Any CPU
		{AF0E2684-5E14-4A8F-8D5B-950515C7AC9B}.Debug|x86.ActiveCfg = Debug|Any CPU
		{AF0E2684-5E14-4A8F-8D5B-950515C7AC9B}.Debug|x86.Build.0 = Debug|Any CPU
		{AF0E2684-5E14-4A8F-8D5B-950515C7AC9B}.Release|Any CPU.ActiveCfg = Release|Any CPU
		{AF0E2684-5E14-4A8F-8D5B-950515C7AC9B}.Release|Any CPU.Build.0 = Release|Any CPU
		{AF0E2684-5E14-4A8F-8D5B-950515C7AC9B}.Release|x64.ActiveCfg = Release|Any CPU
		{AF0E2684-5E14-4A8F-8D5B-950515C7AC9B}.Release|x64.Build.0 = Release|Any CPU
		{AF0E2684-5E14-4A8F-8D5B-950515C7AC9B}.Release|x86.ActiveCfg = Release|Any CPU
		{AF0E2684-5E14-4A8F-8D5B-950515C7AC9B}.Release|x86.Build.0 = Release|Any CPU
		{FDC52FE5-AA83-44EE-AA8E-61C366F58723}.Debug|Any CPU.ActiveCfg = Debug|Any CPU
		{FDC52FE5-AA83-44EE-AA8E-61C366F58723}.Debug|Any CPU.Build.0 = Debug|Any CPU
		{FDC52FE5-AA83-44EE-AA8E-61C366F58723}.Debug|x64.ActiveCfg = Debug|Any CPU
		{FDC52FE5-AA83-44EE-AA8E-61C366F58723}.Debug|x64.Build.0 = Debug|Any CPU
		{FDC52FE5-AA83-44EE-AA8E-61C366F58723}.Debug|x86.ActiveCfg = Debug|Any CPU
		{FDC52FE5-AA83-44EE-AA8E-61C366F58723}.Debug|x86.Build.0 = Debug|Any CPU
		{FDC52FE5-AA83-44EE-AA8E-61C366F58723}.Release|Any CPU.ActiveCfg = Release|Any CPU
		{FDC52FE5-AA83-44EE-AA8E-61C366F58723}.Release|Any CPU.Build.0 = Release|Any CPU
		{FDC52FE5-AA83-44EE-AA8E-61C366F58723}.Release|x64.ActiveCfg = Release|Any CPU
		{FDC52FE5-AA83-44EE-AA8E-61C366F58723}.Release|x64.Build.0 = Release|Any CPU
		{FDC52FE5-AA83-44EE-AA8E-61C366F58723}.Release|x86.ActiveCfg = Release|Any CPU
		{FDC52FE5-AA83-44EE-AA8E-61C366F58723}.Release|x86.Build.0 = Release|Any CPU
		{9BAA53FD-89B5-43E2-AC59-A27B006DEBB6}.Debug|Any CPU.ActiveCfg = Debug|Any CPU
		{9BAA53FD-89B5-43E2-AC59-A27B006DEBB6}.Debug|Any CPU.Build.0 = Debug|Any CPU
		{9BAA53FD-89B5-43E2-AC59-A27B006DEBB6}.Debug|x64.ActiveCfg = Debug|x64
		{9BAA53FD-89B5-43E2-AC59-A27B006DEBB6}.Debug|x64.Build.0 = Debug|x64
		{9BAA53FD-89B5-43E2-AC59-A27B006DEBB6}.Debug|x86.ActiveCfg = Debug|x86
		{9BAA53FD-89B5-43E2-AC59-A27B006DEBB6}.Debug|x86.Build.0 = Debug|x86
		{9BAA53FD-89B5-43E2-AC59-A27B006DEBB6}.Release|Any CPU.ActiveCfg = Release|Any CPU
		{9BAA53FD-89B5-43E2-AC59-A27B006DEBB6}.Release|Any CPU.Build.0 = Release|Any CPU
		{9BAA53FD-89B5-43E2-AC59-A27B006DEBB6}.Release|x64.ActiveCfg = Release|x64
		{9BAA53FD-89B5-43E2-AC59-A27B006DEBB6}.Release|x64.Build.0 = Release|x64
		{9BAA53FD-89B5-43E2-AC59-A27B006DEBB6}.Release|x86.ActiveCfg = Release|x86
		{9BAA53FD-89B5-43E2-AC59-A27B006DEBB6}.Release|x86.Build.0 = Release|x86
		{77ED73E8-1D87-40A0-A37A-B5C1EE2CE586}.Debug|Any CPU.ActiveCfg = Debug|Any CPU
		{77ED73E8-1D87-40A0-A37A-B5C1EE2CE586}.Debug|Any CPU.Build.0 = Debug|Any CPU
		{77ED73E8-1D87-40A0-A37A-B5C1EE2CE586}.Debug|x64.ActiveCfg = Debug|Any CPU
		{77ED73E8-1D87-40A0-A37A-B5C1EE2CE586}.Debug|x64.Build.0 = Debug|Any CPU
		{77ED73E8-1D87-40A0-A37A-B5C1EE2CE586}.Debug|x86.ActiveCfg = Debug|Any CPU
		{77ED73E8-1D87-40A0-A37A-B5C1EE2CE586}.Debug|x86.Build.0 = Debug|Any CPU
		{77ED73E8-1D87-40A0-A37A-B5C1EE2CE586}.Release|Any CPU.ActiveCfg = Release|Any CPU
		{77ED73E8-1D87-40A0-A37A-B5C1EE2CE586}.Release|Any CPU.Build.0 = Release|Any CPU
		{77ED73E8-1D87-40A0-A37A-B5C1EE2CE586}.Release|x64.ActiveCfg = Release|Any CPU
		{77ED73E8-1D87-40A0-A37A-B5C1EE2CE586}.Release|x64.Build.0 = Release|Any CPU
		{77ED73E8-1D87-40A0-A37A-B5C1EE2CE586}.Release|x86.ActiveCfg = Release|Any CPU
		{77ED73E8-1D87-40A0-A37A-B5C1EE2CE586}.Release|x86.Build.0 = Release|Any CPU
		{A0DEEF78-814F-451C-8089-455B4184A894}.Debug|Any CPU.ActiveCfg = Debug|Any CPU
		{A0DEEF78-814F-451C-8089-455B4184A894}.Debug|Any CPU.Build.0 = Debug|Any CPU
		{A0DEEF78-814F-451C-8089-455B4184A894}.Debug|x64.ActiveCfg = Debug|Any CPU
		{A0DEEF78-814F-451C-8089-455B4184A894}.Debug|x64.Build.0 = Debug|Any CPU
		{A0DEEF78-814F-451C-8089-455B4184A894}.Debug|x86.ActiveCfg = Debug|Any CPU
		{A0DEEF78-814F-451C-8089-455B4184A894}.Debug|x86.Build.0 = Debug|Any CPU
		{A0DEEF78-814F-451C-8089-455B4184A894}.Release|Any CPU.ActiveCfg = Release|Any CPU
		{A0DEEF78-814F-451C-8089-455B4184A894}.Release|Any CPU.Build.0 = Release|Any CPU
		{A0DEEF78-814F-451C-8089-455B4184A894}.Release|x64.ActiveCfg = Release|Any CPU
		{A0DEEF78-814F-451C-8089-455B4184A894}.Release|x64.Build.0 = Release|Any CPU
		{A0DEEF78-814F-451C-8089-455B4184A894}.Release|x86.ActiveCfg = Release|Any CPU
		{A0DEEF78-814F-451C-8089-455B4184A894}.Release|x86.Build.0 = Release|Any CPU
		{E0B10532-137B-4A68-8E31-91F9B071E6B5}.Debug|Any CPU.ActiveCfg = Debug|Any CPU
		{E0B10532-137B-4A68-8E31-91F9B071E6B5}.Debug|Any CPU.Build.0 = Debug|Any CPU
		{E0B10532-137B-4A68-8E31-91F9B071E6B5}.Debug|x64.ActiveCfg = Debug|Any CPU
		{E0B10532-137B-4A68-8E31-91F9B071E6B5}.Debug|x64.Build.0 = Debug|Any CPU
		{E0B10532-137B-4A68-8E31-91F9B071E6B5}.Debug|x86.ActiveCfg = Debug|Any CPU
		{E0B10532-137B-4A68-8E31-91F9B071E6B5}.Debug|x86.Build.0 = Debug|Any CPU
		{E0B10532-137B-4A68-8E31-91F9B071E6B5}.Release|Any CPU.ActiveCfg = Release|Any CPU
		{E0B10532-137B-4A68-8E31-91F9B071E6B5}.Release|Any CPU.Build.0 = Release|Any CPU
		{E0B10532-137B-4A68-8E31-91F9B071E6B5}.Release|x64.ActiveCfg = Release|Any CPU
		{E0B10532-137B-4A68-8E31-91F9B071E6B5}.Release|x64.Build.0 = Release|Any CPU
		{E0B10532-137B-4A68-8E31-91F9B071E6B5}.Release|x86.ActiveCfg = Release|Any CPU
		{E0B10532-137B-4A68-8E31-91F9B071E6B5}.Release|x86.Build.0 = Release|Any CPU
		{73731027-FFBF-45EE-89F3-12C165185728}.Debug|Any CPU.ActiveCfg = Debug|Any CPU
		{73731027-FFBF-45EE-89F3-12C165185728}.Debug|Any CPU.Build.0 = Debug|Any CPU
		{73731027-FFBF-45EE-89F3-12C165185728}.Debug|x64.ActiveCfg = Debug|Any CPU
		{73731027-FFBF-45EE-89F3-12C165185728}.Debug|x64.Build.0 = Debug|Any CPU
		{73731027-FFBF-45EE-89F3-12C165185728}.Debug|x86.ActiveCfg = Debug|Any CPU
		{73731027-FFBF-45EE-89F3-12C165185728}.Debug|x86.Build.0 = Debug|Any CPU
		{73731027-FFBF-45EE-89F3-12C165185728}.Release|Any CPU.ActiveCfg = Release|Any CPU
		{73731027-FFBF-45EE-89F3-12C165185728}.Release|Any CPU.Build.0 = Release|Any CPU
		{73731027-FFBF-45EE-89F3-12C165185728}.Release|x64.ActiveCfg = Release|Any CPU
		{73731027-FFBF-45EE-89F3-12C165185728}.Release|x64.Build.0 = Release|Any CPU
		{73731027-FFBF-45EE-89F3-12C165185728}.Release|x86.ActiveCfg = Release|Any CPU
		{73731027-FFBF-45EE-89F3-12C165185728}.Release|x86.Build.0 = Release|Any CPU
		{511A53C4-45EE-4C5C-9862-F0B903BDB99A}.Debug|Any CPU.ActiveCfg = Debug|Any CPU
		{511A53C4-45EE-4C5C-9862-F0B903BDB99A}.Debug|Any CPU.Build.0 = Debug|Any CPU
		{511A53C4-45EE-4C5C-9862-F0B903BDB99A}.Debug|x64.ActiveCfg = Debug|Any CPU
		{511A53C4-45EE-4C5C-9862-F0B903BDB99A}.Debug|x64.Build.0 = Debug|Any CPU
		{511A53C4-45EE-4C5C-9862-F0B903BDB99A}.Debug|x86.ActiveCfg = Debug|Any CPU
		{511A53C4-45EE-4C5C-9862-F0B903BDB99A}.Debug|x86.Build.0 = Debug|Any CPU
		{511A53C4-45EE-4C5C-9862-F0B903BDB99A}.Release|Any CPU.ActiveCfg = Release|Any CPU
		{511A53C4-45EE-4C5C-9862-F0B903BDB99A}.Release|Any CPU.Build.0 = Release|Any CPU
		{511A53C4-45EE-4C5C-9862-F0B903BDB99A}.Release|x64.ActiveCfg = Release|Any CPU
		{511A53C4-45EE-4C5C-9862-F0B903BDB99A}.Release|x64.Build.0 = Release|Any CPU
		{511A53C4-45EE-4C5C-9862-F0B903BDB99A}.Release|x86.ActiveCfg = Release|Any CPU
		{511A53C4-45EE-4C5C-9862-F0B903BDB99A}.Release|x86.Build.0 = Release|Any CPU
		{1E6595AE-E37B-417C-8A8C-614184104860}.Debug|Any CPU.ActiveCfg = Debug|Any CPU
		{1E6595AE-E37B-417C-8A8C-614184104860}.Debug|Any CPU.Build.0 = Debug|Any CPU
		{1E6595AE-E37B-417C-8A8C-614184104860}.Debug|x64.ActiveCfg = Debug|Any CPU
		{1E6595AE-E37B-417C-8A8C-614184104860}.Debug|x64.Build.0 = Debug|Any CPU
		{1E6595AE-E37B-417C-8A8C-614184104860}.Debug|x86.ActiveCfg = Debug|Any CPU
		{1E6595AE-E37B-417C-8A8C-614184104860}.Debug|x86.Build.0 = Debug|Any CPU
		{1E6595AE-E37B-417C-8A8C-614184104860}.Release|Any CPU.ActiveCfg = Release|Any CPU
		{1E6595AE-E37B-417C-8A8C-614184104860}.Release|Any CPU.Build.0 = Release|Any CPU
		{1E6595AE-E37B-417C-8A8C-614184104860}.Release|x64.ActiveCfg = Release|Any CPU
		{1E6595AE-E37B-417C-8A8C-614184104860}.Release|x64.Build.0 = Release|Any CPU
		{1E6595AE-E37B-417C-8A8C-614184104860}.Release|x86.ActiveCfg = Release|Any CPU
		{1E6595AE-E37B-417C-8A8C-614184104860}.Release|x86.Build.0 = Release|Any CPU
		{6E53EB79-4228-43A9-8527-FA124452DD3C}.Debug|Any CPU.ActiveCfg = Debug|Any CPU
		{6E53EB79-4228-43A9-8527-FA124452DD3C}.Debug|Any CPU.Build.0 = Debug|Any CPU
		{6E53EB79-4228-43A9-8527-FA124452DD3C}.Debug|x64.ActiveCfg = Debug|Any CPU
		{6E53EB79-4228-43A9-8527-FA124452DD3C}.Debug|x64.Build.0 = Debug|Any CPU
		{6E53EB79-4228-43A9-8527-FA124452DD3C}.Debug|x86.ActiveCfg = Debug|Any CPU
		{6E53EB79-4228-43A9-8527-FA124452DD3C}.Debug|x86.Build.0 = Debug|Any CPU
		{6E53EB79-4228-43A9-8527-FA124452DD3C}.Release|Any CPU.ActiveCfg = Release|Any CPU
		{6E53EB79-4228-43A9-8527-FA124452DD3C}.Release|Any CPU.Build.0 = Release|Any CPU
		{6E53EB79-4228-43A9-8527-FA124452DD3C}.Release|x64.ActiveCfg = Release|Any CPU
		{6E53EB79-4228-43A9-8527-FA124452DD3C}.Release|x64.Build.0 = Release|Any CPU
		{6E53EB79-4228-43A9-8527-FA124452DD3C}.Release|x86.ActiveCfg = Release|Any CPU
		{6E53EB79-4228-43A9-8527-FA124452DD3C}.Release|x86.Build.0 = Release|Any CPU
		{3D4662B7-385D-4039-94FE-C45F696977C9}.Debug|Any CPU.ActiveCfg = Debug|Any CPU
		{3D4662B7-385D-4039-94FE-C45F696977C9}.Debug|Any CPU.Build.0 = Debug|Any CPU
		{3D4662B7-385D-4039-94FE-C45F696977C9}.Debug|x64.ActiveCfg = Debug|Any CPU
		{3D4662B7-385D-4039-94FE-C45F696977C9}.Debug|x64.Build.0 = Debug|Any CPU
		{3D4662B7-385D-4039-94FE-C45F696977C9}.Debug|x86.ActiveCfg = Debug|Any CPU
		{3D4662B7-385D-4039-94FE-C45F696977C9}.Debug|x86.Build.0 = Debug|Any CPU
		{3D4662B7-385D-4039-94FE-C45F696977C9}.Release|Any CPU.ActiveCfg = Release|Any CPU
		{3D4662B7-385D-4039-94FE-C45F696977C9}.Release|Any CPU.Build.0 = Release|Any CPU
		{3D4662B7-385D-4039-94FE-C45F696977C9}.Release|x64.ActiveCfg = Release|Any CPU
		{3D4662B7-385D-4039-94FE-C45F696977C9}.Release|x64.Build.0 = Release|Any CPU
		{3D4662B7-385D-4039-94FE-C45F696977C9}.Release|x86.ActiveCfg = Release|Any CPU
		{3D4662B7-385D-4039-94FE-C45F696977C9}.Release|x86.Build.0 = Release|Any CPU
		{B3EE9F40-1890-4F9D-BEBD-E16A02F6FCFA}.Debug|Any CPU.ActiveCfg = Debug|Any CPU
		{B3EE9F40-1890-4F9D-BEBD-E16A02F6FCFA}.Debug|Any CPU.Build.0 = Debug|Any CPU
		{B3EE9F40-1890-4F9D-BEBD-E16A02F6FCFA}.Debug|x64.ActiveCfg = Debug|Any CPU
		{B3EE9F40-1890-4F9D-BEBD-E16A02F6FCFA}.Debug|x64.Build.0 = Debug|Any CPU
		{B3EE9F40-1890-4F9D-BEBD-E16A02F6FCFA}.Debug|x86.ActiveCfg = Debug|Any CPU
		{B3EE9F40-1890-4F9D-BEBD-E16A02F6FCFA}.Debug|x86.Build.0 = Debug|Any CPU
		{B3EE9F40-1890-4F9D-BEBD-E16A02F6FCFA}.Release|Any CPU.ActiveCfg = Release|Any CPU
		{B3EE9F40-1890-4F9D-BEBD-E16A02F6FCFA}.Release|Any CPU.Build.0 = Release|Any CPU
		{B3EE9F40-1890-4F9D-BEBD-E16A02F6FCFA}.Release|x64.ActiveCfg = Release|Any CPU
		{B3EE9F40-1890-4F9D-BEBD-E16A02F6FCFA}.Release|x64.Build.0 = Release|Any CPU
		{B3EE9F40-1890-4F9D-BEBD-E16A02F6FCFA}.Release|x86.ActiveCfg = Release|Any CPU
		{B3EE9F40-1890-4F9D-BEBD-E16A02F6FCFA}.Release|x86.Build.0 = Release|Any CPU
		{1E5F3EFB-B57B-4156-A0E6-5C804B5747A2}.Debug|Any CPU.ActiveCfg = Debug|Any CPU
		{1E5F3EFB-B57B-4156-A0E6-5C804B5747A2}.Debug|Any CPU.Build.0 = Debug|Any CPU
		{1E5F3EFB-B57B-4156-A0E6-5C804B5747A2}.Debug|x64.ActiveCfg = Debug|Any CPU
		{1E5F3EFB-B57B-4156-A0E6-5C804B5747A2}.Debug|x64.Build.0 = Debug|Any CPU
		{1E5F3EFB-B57B-4156-A0E6-5C804B5747A2}.Debug|x86.ActiveCfg = Debug|Any CPU
		{1E5F3EFB-B57B-4156-A0E6-5C804B5747A2}.Debug|x86.Build.0 = Debug|Any CPU
		{1E5F3EFB-B57B-4156-A0E6-5C804B5747A2}.Release|Any CPU.ActiveCfg = Release|Any CPU
		{1E5F3EFB-B57B-4156-A0E6-5C804B5747A2}.Release|Any CPU.Build.0 = Release|Any CPU
		{1E5F3EFB-B57B-4156-A0E6-5C804B5747A2}.Release|x64.ActiveCfg = Release|Any CPU
		{1E5F3EFB-B57B-4156-A0E6-5C804B5747A2}.Release|x64.Build.0 = Release|Any CPU
		{1E5F3EFB-B57B-4156-A0E6-5C804B5747A2}.Release|x86.ActiveCfg = Release|Any CPU
		{1E5F3EFB-B57B-4156-A0E6-5C804B5747A2}.Release|x86.Build.0 = Release|Any CPU
		{79BE596B-AA63-4B18-8212-0145905965D3}.Debug|Any CPU.ActiveCfg = Debug|Any CPU
		{79BE596B-AA63-4B18-8212-0145905965D3}.Debug|Any CPU.Build.0 = Debug|Any CPU
		{79BE596B-AA63-4B18-8212-0145905965D3}.Debug|x64.ActiveCfg = Debug|Any CPU
		{79BE596B-AA63-4B18-8212-0145905965D3}.Debug|x64.Build.0 = Debug|Any CPU
		{79BE596B-AA63-4B18-8212-0145905965D3}.Debug|x86.ActiveCfg = Debug|Any CPU
		{79BE596B-AA63-4B18-8212-0145905965D3}.Debug|x86.Build.0 = Debug|Any CPU
		{79BE596B-AA63-4B18-8212-0145905965D3}.Release|Any CPU.ActiveCfg = Release|Any CPU
		{79BE596B-AA63-4B18-8212-0145905965D3}.Release|Any CPU.Build.0 = Release|Any CPU
		{79BE596B-AA63-4B18-8212-0145905965D3}.Release|x64.ActiveCfg = Release|Any CPU
		{79BE596B-AA63-4B18-8212-0145905965D3}.Release|x64.Build.0 = Release|Any CPU
		{79BE596B-AA63-4B18-8212-0145905965D3}.Release|x86.ActiveCfg = Release|Any CPU
		{79BE596B-AA63-4B18-8212-0145905965D3}.Release|x86.Build.0 = Release|Any CPU
		{0344276A-0A24-47AE-A841-012257BF7902}.Debug|Any CPU.ActiveCfg = Debug|Any CPU
		{0344276A-0A24-47AE-A841-012257BF7902}.Debug|Any CPU.Build.0 = Debug|Any CPU
		{0344276A-0A24-47AE-A841-012257BF7902}.Debug|x64.ActiveCfg = Debug|Any CPU
		{0344276A-0A24-47AE-A841-012257BF7902}.Debug|x64.Build.0 = Debug|Any CPU
		{0344276A-0A24-47AE-A841-012257BF7902}.Debug|x86.ActiveCfg = Debug|Any CPU
		{0344276A-0A24-47AE-A841-012257BF7902}.Debug|x86.Build.0 = Debug|Any CPU
		{0344276A-0A24-47AE-A841-012257BF7902}.Release|Any CPU.ActiveCfg = Release|Any CPU
		{0344276A-0A24-47AE-A841-012257BF7902}.Release|Any CPU.Build.0 = Release|Any CPU
		{0344276A-0A24-47AE-A841-012257BF7902}.Release|x64.ActiveCfg = Release|Any CPU
		{0344276A-0A24-47AE-A841-012257BF7902}.Release|x64.Build.0 = Release|Any CPU
		{0344276A-0A24-47AE-A841-012257BF7902}.Release|x86.ActiveCfg = Release|Any CPU
		{0344276A-0A24-47AE-A841-012257BF7902}.Release|x86.Build.0 = Release|Any CPU
		{BC116B56-E141-475D-8AAB-54A3B51A98B9}.Debug|Any CPU.ActiveCfg = Debug|Any CPU
		{BC116B56-E141-475D-8AAB-54A3B51A98B9}.Debug|Any CPU.Build.0 = Debug|Any CPU
		{BC116B56-E141-475D-8AAB-54A3B51A98B9}.Debug|x64.ActiveCfg = Debug|Any CPU
		{BC116B56-E141-475D-8AAB-54A3B51A98B9}.Debug|x64.Build.0 = Debug|Any CPU
		{BC116B56-E141-475D-8AAB-54A3B51A98B9}.Debug|x86.ActiveCfg = Debug|Any CPU
		{BC116B56-E141-475D-8AAB-54A3B51A98B9}.Debug|x86.Build.0 = Debug|Any CPU
		{BC116B56-E141-475D-8AAB-54A3B51A98B9}.Release|Any CPU.ActiveCfg = Release|Any CPU
		{BC116B56-E141-475D-8AAB-54A3B51A98B9}.Release|Any CPU.Build.0 = Release|Any CPU
		{BC116B56-E141-475D-8AAB-54A3B51A98B9}.Release|x64.ActiveCfg = Release|Any CPU
		{BC116B56-E141-475D-8AAB-54A3B51A98B9}.Release|x64.Build.0 = Release|Any CPU
		{BC116B56-E141-475D-8AAB-54A3B51A98B9}.Release|x86.ActiveCfg = Release|Any CPU
		{BC116B56-E141-475D-8AAB-54A3B51A98B9}.Release|x86.Build.0 = Release|Any CPU
		{B01AD80A-F967-4319-8F8C-AFA97CD3006E}.Debug|Any CPU.ActiveCfg = Debug|Any CPU
		{B01AD80A-F967-4319-8F8C-AFA97CD3006E}.Debug|Any CPU.Build.0 = Debug|Any CPU
		{B01AD80A-F967-4319-8F8C-AFA97CD3006E}.Debug|x64.ActiveCfg = Debug|Any CPU
		{B01AD80A-F967-4319-8F8C-AFA97CD3006E}.Debug|x64.Build.0 = Debug|Any CPU
		{B01AD80A-F967-4319-8F8C-AFA97CD3006E}.Debug|x86.ActiveCfg = Debug|Any CPU
		{B01AD80A-F967-4319-8F8C-AFA97CD3006E}.Debug|x86.Build.0 = Debug|Any CPU
		{B01AD80A-F967-4319-8F8C-AFA97CD3006E}.Release|Any CPU.ActiveCfg = Release|Any CPU
		{B01AD80A-F967-4319-8F8C-AFA97CD3006E}.Release|Any CPU.Build.0 = Release|Any CPU
		{B01AD80A-F967-4319-8F8C-AFA97CD3006E}.Release|x64.ActiveCfg = Release|Any CPU
		{B01AD80A-F967-4319-8F8C-AFA97CD3006E}.Release|x64.Build.0 = Release|Any CPU
		{B01AD80A-F967-4319-8F8C-AFA97CD3006E}.Release|x86.ActiveCfg = Release|Any CPU
		{B01AD80A-F967-4319-8F8C-AFA97CD3006E}.Release|x86.Build.0 = Release|Any CPU
		{0A86A8E1-F030-4ECD-A951-8DE18EF1471C}.Debug|Any CPU.ActiveCfg = Debug|Any CPU
		{0A86A8E1-F030-4ECD-A951-8DE18EF1471C}.Debug|Any CPU.Build.0 = Debug|Any CPU
		{0A86A8E1-F030-4ECD-A951-8DE18EF1471C}.Debug|x64.ActiveCfg = Debug|Any CPU
		{0A86A8E1-F030-4ECD-A951-8DE18EF1471C}.Debug|x64.Build.0 = Debug|Any CPU
		{0A86A8E1-F030-4ECD-A951-8DE18EF1471C}.Debug|x86.ActiveCfg = Debug|Any CPU
		{0A86A8E1-F030-4ECD-A951-8DE18EF1471C}.Debug|x86.Build.0 = Debug|Any CPU
		{0A86A8E1-F030-4ECD-A951-8DE18EF1471C}.Release|Any CPU.ActiveCfg = Release|Any CPU
		{0A86A8E1-F030-4ECD-A951-8DE18EF1471C}.Release|Any CPU.Build.0 = Release|Any CPU
		{0A86A8E1-F030-4ECD-A951-8DE18EF1471C}.Release|x64.ActiveCfg = Release|Any CPU
		{0A86A8E1-F030-4ECD-A951-8DE18EF1471C}.Release|x64.Build.0 = Release|Any CPU
		{0A86A8E1-F030-4ECD-A951-8DE18EF1471C}.Release|x86.ActiveCfg = Release|Any CPU
		{0A86A8E1-F030-4ECD-A951-8DE18EF1471C}.Release|x86.Build.0 = Release|Any CPU
		{1D599386-D6A4-4FF8-96B4-A873A41BA73D}.Debug|Any CPU.ActiveCfg = Debug|Any CPU
		{1D599386-D6A4-4FF8-96B4-A873A41BA73D}.Debug|Any CPU.Build.0 = Debug|Any CPU
		{1D599386-D6A4-4FF8-96B4-A873A41BA73D}.Debug|x64.ActiveCfg = Debug|Any CPU
		{1D599386-D6A4-4FF8-96B4-A873A41BA73D}.Debug|x64.Build.0 = Debug|Any CPU
		{1D599386-D6A4-4FF8-96B4-A873A41BA73D}.Debug|x86.ActiveCfg = Debug|Any CPU
		{1D599386-D6A4-4FF8-96B4-A873A41BA73D}.Debug|x86.Build.0 = Debug|Any CPU
		{1D599386-D6A4-4FF8-96B4-A873A41BA73D}.Release|Any CPU.ActiveCfg = Release|Any CPU
		{1D599386-D6A4-4FF8-96B4-A873A41BA73D}.Release|Any CPU.Build.0 = Release|Any CPU
		{1D599386-D6A4-4FF8-96B4-A873A41BA73D}.Release|x64.ActiveCfg = Release|Any CPU
		{1D599386-D6A4-4FF8-96B4-A873A41BA73D}.Release|x64.Build.0 = Release|Any CPU
		{1D599386-D6A4-4FF8-96B4-A873A41BA73D}.Release|x86.ActiveCfg = Release|Any CPU
		{1D599386-D6A4-4FF8-96B4-A873A41BA73D}.Release|x86.Build.0 = Release|Any CPU
		{A6054E4D-2F99-4EBE-BAE0-147055A87DE2}.Debug|Any CPU.ActiveCfg = Debug|Any CPU
		{A6054E4D-2F99-4EBE-BAE0-147055A87DE2}.Debug|Any CPU.Build.0 = Debug|Any CPU
		{A6054E4D-2F99-4EBE-BAE0-147055A87DE2}.Debug|x64.ActiveCfg = Debug|Any CPU
		{A6054E4D-2F99-4EBE-BAE0-147055A87DE2}.Debug|x64.Build.0 = Debug|Any CPU
		{A6054E4D-2F99-4EBE-BAE0-147055A87DE2}.Debug|x86.ActiveCfg = Debug|Any CPU
		{A6054E4D-2F99-4EBE-BAE0-147055A87DE2}.Debug|x86.Build.0 = Debug|Any CPU
		{A6054E4D-2F99-4EBE-BAE0-147055A87DE2}.Release|Any CPU.ActiveCfg = Release|Any CPU
		{A6054E4D-2F99-4EBE-BAE0-147055A87DE2}.Release|Any CPU.Build.0 = Release|Any CPU
		{A6054E4D-2F99-4EBE-BAE0-147055A87DE2}.Release|x64.ActiveCfg = Release|Any CPU
		{A6054E4D-2F99-4EBE-BAE0-147055A87DE2}.Release|x64.Build.0 = Release|Any CPU
		{A6054E4D-2F99-4EBE-BAE0-147055A87DE2}.Release|x86.ActiveCfg = Release|Any CPU
		{A6054E4D-2F99-4EBE-BAE0-147055A87DE2}.Release|x86.Build.0 = Release|Any CPU
		{CDB6ADCB-00DF-4C36-BFA6-22B96E6B2756}.Debug|Any CPU.ActiveCfg = Debug|Any CPU
		{CDB6ADCB-00DF-4C36-BFA6-22B96E6B2756}.Debug|Any CPU.Build.0 = Debug|Any CPU
		{CDB6ADCB-00DF-4C36-BFA6-22B96E6B2756}.Debug|x64.ActiveCfg = Debug|Any CPU
		{CDB6ADCB-00DF-4C36-BFA6-22B96E6B2756}.Debug|x64.Build.0 = Debug|Any CPU
		{CDB6ADCB-00DF-4C36-BFA6-22B96E6B2756}.Debug|x86.ActiveCfg = Debug|Any CPU
		{CDB6ADCB-00DF-4C36-BFA6-22B96E6B2756}.Debug|x86.Build.0 = Debug|Any CPU
		{CDB6ADCB-00DF-4C36-BFA6-22B96E6B2756}.Release|Any CPU.ActiveCfg = Release|Any CPU
		{CDB6ADCB-00DF-4C36-BFA6-22B96E6B2756}.Release|Any CPU.Build.0 = Release|Any CPU
		{CDB6ADCB-00DF-4C36-BFA6-22B96E6B2756}.Release|x64.ActiveCfg = Release|Any CPU
		{CDB6ADCB-00DF-4C36-BFA6-22B96E6B2756}.Release|x64.Build.0 = Release|Any CPU
		{CDB6ADCB-00DF-4C36-BFA6-22B96E6B2756}.Release|x86.ActiveCfg = Release|Any CPU
		{CDB6ADCB-00DF-4C36-BFA6-22B96E6B2756}.Release|x86.Build.0 = Release|Any CPU
		{2AEE84AA-934B-4797-BC30-69C98BA88CE6}.Debug|Any CPU.ActiveCfg = Debug|Any CPU
		{2AEE84AA-934B-4797-BC30-69C98BA88CE6}.Debug|Any CPU.Build.0 = Debug|Any CPU
		{2AEE84AA-934B-4797-BC30-69C98BA88CE6}.Debug|x64.ActiveCfg = Debug|Any CPU
		{2AEE84AA-934B-4797-BC30-69C98BA88CE6}.Debug|x64.Build.0 = Debug|Any CPU
		{2AEE84AA-934B-4797-BC30-69C98BA88CE6}.Debug|x86.ActiveCfg = Debug|Any CPU
		{2AEE84AA-934B-4797-BC30-69C98BA88CE6}.Debug|x86.Build.0 = Debug|Any CPU
		{2AEE84AA-934B-4797-BC30-69C98BA88CE6}.Release|Any CPU.ActiveCfg = Release|Any CPU
		{2AEE84AA-934B-4797-BC30-69C98BA88CE6}.Release|Any CPU.Build.0 = Release|Any CPU
		{2AEE84AA-934B-4797-BC30-69C98BA88CE6}.Release|x64.ActiveCfg = Release|Any CPU
		{2AEE84AA-934B-4797-BC30-69C98BA88CE6}.Release|x64.Build.0 = Release|Any CPU
		{2AEE84AA-934B-4797-BC30-69C98BA88CE6}.Release|x86.ActiveCfg = Release|Any CPU
		{2AEE84AA-934B-4797-BC30-69C98BA88CE6}.Release|x86.Build.0 = Release|Any CPU
		{F98E4538-20CF-4AA0-9332-14FE67CEBD5D}.Debug|Any CPU.ActiveCfg = Debug|Any CPU
		{F98E4538-20CF-4AA0-9332-14FE67CEBD5D}.Debug|Any CPU.Build.0 = Debug|Any CPU
		{F98E4538-20CF-4AA0-9332-14FE67CEBD5D}.Debug|x64.ActiveCfg = Debug|Any CPU
		{F98E4538-20CF-4AA0-9332-14FE67CEBD5D}.Debug|x64.Build.0 = Debug|Any CPU
		{F98E4538-20CF-4AA0-9332-14FE67CEBD5D}.Debug|x86.ActiveCfg = Debug|Any CPU
		{F98E4538-20CF-4AA0-9332-14FE67CEBD5D}.Debug|x86.Build.0 = Debug|Any CPU
		{F98E4538-20CF-4AA0-9332-14FE67CEBD5D}.Release|Any CPU.ActiveCfg = Release|Any CPU
		{F98E4538-20CF-4AA0-9332-14FE67CEBD5D}.Release|Any CPU.Build.0 = Release|Any CPU
		{F98E4538-20CF-4AA0-9332-14FE67CEBD5D}.Release|x64.ActiveCfg = Release|Any CPU
		{F98E4538-20CF-4AA0-9332-14FE67CEBD5D}.Release|x64.Build.0 = Release|Any CPU
		{F98E4538-20CF-4AA0-9332-14FE67CEBD5D}.Release|x86.ActiveCfg = Release|Any CPU
		{F98E4538-20CF-4AA0-9332-14FE67CEBD5D}.Release|x86.Build.0 = Release|Any CPU
		{3AAAA130-9236-414E-A90E-C50ED40219D1}.Debug|Any CPU.ActiveCfg = Debug|Any CPU
		{3AAAA130-9236-414E-A90E-C50ED40219D1}.Debug|Any CPU.Build.0 = Debug|Any CPU
		{3AAAA130-9236-414E-A90E-C50ED40219D1}.Debug|x64.ActiveCfg = Debug|Any CPU
		{3AAAA130-9236-414E-A90E-C50ED40219D1}.Debug|x64.Build.0 = Debug|Any CPU
		{3AAAA130-9236-414E-A90E-C50ED40219D1}.Debug|x86.ActiveCfg = Debug|Any CPU
		{3AAAA130-9236-414E-A90E-C50ED40219D1}.Debug|x86.Build.0 = Debug|Any CPU
		{3AAAA130-9236-414E-A90E-C50ED40219D1}.Release|Any CPU.ActiveCfg = Release|Any CPU
		{3AAAA130-9236-414E-A90E-C50ED40219D1}.Release|Any CPU.Build.0 = Release|Any CPU
		{3AAAA130-9236-414E-A90E-C50ED40219D1}.Release|x64.ActiveCfg = Release|Any CPU
		{3AAAA130-9236-414E-A90E-C50ED40219D1}.Release|x64.Build.0 = Release|Any CPU
		{3AAAA130-9236-414E-A90E-C50ED40219D1}.Release|x86.ActiveCfg = Release|Any CPU
		{3AAAA130-9236-414E-A90E-C50ED40219D1}.Release|x86.Build.0 = Release|Any CPU
		{E072404C-9E70-4DAB-B197-DE1E4B895F6C}.Debug|Any CPU.ActiveCfg = Debug|Any CPU
		{E072404C-9E70-4DAB-B197-DE1E4B895F6C}.Debug|Any CPU.Build.0 = Debug|Any CPU
		{E072404C-9E70-4DAB-B197-DE1E4B895F6C}.Debug|x64.ActiveCfg = Debug|Any CPU
		{E072404C-9E70-4DAB-B197-DE1E4B895F6C}.Debug|x64.Build.0 = Debug|Any CPU
		{E072404C-9E70-4DAB-B197-DE1E4B895F6C}.Debug|x86.ActiveCfg = Debug|Any CPU
		{E072404C-9E70-4DAB-B197-DE1E4B895F6C}.Debug|x86.Build.0 = Debug|Any CPU
		{E072404C-9E70-4DAB-B197-DE1E4B895F6C}.Release|Any CPU.ActiveCfg = Release|Any CPU
		{E072404C-9E70-4DAB-B197-DE1E4B895F6C}.Release|Any CPU.Build.0 = Release|Any CPU
		{E072404C-9E70-4DAB-B197-DE1E4B895F6C}.Release|x64.ActiveCfg = Release|Any CPU
		{E072404C-9E70-4DAB-B197-DE1E4B895F6C}.Release|x64.Build.0 = Release|Any CPU
		{E072404C-9E70-4DAB-B197-DE1E4B895F6C}.Release|x86.ActiveCfg = Release|Any CPU
		{E072404C-9E70-4DAB-B197-DE1E4B895F6C}.Release|x86.Build.0 = Release|Any CPU
		{BDA1548B-E6D8-4E7B-B962-68CD35B7E195}.Debug|Any CPU.ActiveCfg = Debug|Any CPU
		{BDA1548B-E6D8-4E7B-B962-68CD35B7E195}.Debug|Any CPU.Build.0 = Debug|Any CPU
		{BDA1548B-E6D8-4E7B-B962-68CD35B7E195}.Debug|x64.ActiveCfg = Debug|Any CPU
		{BDA1548B-E6D8-4E7B-B962-68CD35B7E195}.Debug|x64.Build.0 = Debug|Any CPU
		{BDA1548B-E6D8-4E7B-B962-68CD35B7E195}.Debug|x86.ActiveCfg = Debug|Any CPU
		{BDA1548B-E6D8-4E7B-B962-68CD35B7E195}.Debug|x86.Build.0 = Debug|Any CPU
		{BDA1548B-E6D8-4E7B-B962-68CD35B7E195}.Release|Any CPU.ActiveCfg = Release|Any CPU
		{BDA1548B-E6D8-4E7B-B962-68CD35B7E195}.Release|Any CPU.Build.0 = Release|Any CPU
		{BDA1548B-E6D8-4E7B-B962-68CD35B7E195}.Release|x64.ActiveCfg = Release|Any CPU
		{BDA1548B-E6D8-4E7B-B962-68CD35B7E195}.Release|x64.Build.0 = Release|Any CPU
		{BDA1548B-E6D8-4E7B-B962-68CD35B7E195}.Release|x86.ActiveCfg = Release|Any CPU
		{BDA1548B-E6D8-4E7B-B962-68CD35B7E195}.Release|x86.Build.0 = Release|Any CPU
		{02EEA550-32C0-490B-ABDE-C9D185D6D50C}.Debug|Any CPU.ActiveCfg = Debug|Any CPU
		{02EEA550-32C0-490B-ABDE-C9D185D6D50C}.Debug|Any CPU.Build.0 = Debug|Any CPU
		{02EEA550-32C0-490B-ABDE-C9D185D6D50C}.Debug|x64.ActiveCfg = Debug|Any CPU
		{02EEA550-32C0-490B-ABDE-C9D185D6D50C}.Debug|x64.Build.0 = Debug|Any CPU
		{02EEA550-32C0-490B-ABDE-C9D185D6D50C}.Debug|x86.ActiveCfg = Debug|Any CPU
		{02EEA550-32C0-490B-ABDE-C9D185D6D50C}.Debug|x86.Build.0 = Debug|Any CPU
		{02EEA550-32C0-490B-ABDE-C9D185D6D50C}.Release|Any CPU.ActiveCfg = Release|Any CPU
		{02EEA550-32C0-490B-ABDE-C9D185D6D50C}.Release|Any CPU.Build.0 = Release|Any CPU
		{02EEA550-32C0-490B-ABDE-C9D185D6D50C}.Release|x64.ActiveCfg = Release|Any CPU
		{02EEA550-32C0-490B-ABDE-C9D185D6D50C}.Release|x64.Build.0 = Release|Any CPU
		{02EEA550-32C0-490B-ABDE-C9D185D6D50C}.Release|x86.ActiveCfg = Release|Any CPU
		{02EEA550-32C0-490B-ABDE-C9D185D6D50C}.Release|x86.Build.0 = Release|Any CPU
		{71755B40-A585-419E-BD03-9556AB765201}.Debug|Any CPU.ActiveCfg = Debug|Any CPU
		{71755B40-A585-419E-BD03-9556AB765201}.Debug|Any CPU.Build.0 = Debug|Any CPU
		{71755B40-A585-419E-BD03-9556AB765201}.Debug|x64.ActiveCfg = Debug|Any CPU
		{71755B40-A585-419E-BD03-9556AB765201}.Debug|x64.Build.0 = Debug|Any CPU
		{71755B40-A585-419E-BD03-9556AB765201}.Debug|x86.ActiveCfg = Debug|Any CPU
		{71755B40-A585-419E-BD03-9556AB765201}.Debug|x86.Build.0 = Debug|Any CPU
		{71755B40-A585-419E-BD03-9556AB765201}.Release|Any CPU.ActiveCfg = Release|Any CPU
		{71755B40-A585-419E-BD03-9556AB765201}.Release|Any CPU.Build.0 = Release|Any CPU
		{71755B40-A585-419E-BD03-9556AB765201}.Release|x64.ActiveCfg = Release|Any CPU
		{71755B40-A585-419E-BD03-9556AB765201}.Release|x64.Build.0 = Release|Any CPU
		{71755B40-A585-419E-BD03-9556AB765201}.Release|x86.ActiveCfg = Release|Any CPU
		{71755B40-A585-419E-BD03-9556AB765201}.Release|x86.Build.0 = Release|Any CPU
		{B4C3E59B-6C0F-4ECB-8613-A791C8BE9205}.Debug|Any CPU.ActiveCfg = Debug|Any CPU
		{B4C3E59B-6C0F-4ECB-8613-A791C8BE9205}.Debug|Any CPU.Build.0 = Debug|Any CPU
		{B4C3E59B-6C0F-4ECB-8613-A791C8BE9205}.Debug|x64.ActiveCfg = Debug|Any CPU
		{B4C3E59B-6C0F-4ECB-8613-A791C8BE9205}.Debug|x64.Build.0 = Debug|Any CPU
		{B4C3E59B-6C0F-4ECB-8613-A791C8BE9205}.Debug|x86.ActiveCfg = Debug|Any CPU
		{B4C3E59B-6C0F-4ECB-8613-A791C8BE9205}.Debug|x86.Build.0 = Debug|Any CPU
		{B4C3E59B-6C0F-4ECB-8613-A791C8BE9205}.Release|Any CPU.ActiveCfg = Release|Any CPU
		{B4C3E59B-6C0F-4ECB-8613-A791C8BE9205}.Release|Any CPU.Build.0 = Release|Any CPU
		{B4C3E59B-6C0F-4ECB-8613-A791C8BE9205}.Release|x64.ActiveCfg = Release|Any CPU
		{B4C3E59B-6C0F-4ECB-8613-A791C8BE9205}.Release|x64.Build.0 = Release|Any CPU
		{B4C3E59B-6C0F-4ECB-8613-A791C8BE9205}.Release|x86.ActiveCfg = Release|Any CPU
		{B4C3E59B-6C0F-4ECB-8613-A791C8BE9205}.Release|x86.Build.0 = Release|Any CPU
		{22CA4ABA-D9F9-4A16-8E8D-9DBAF98E493B}.Debug|Any CPU.ActiveCfg = Debug|Any CPU
		{22CA4ABA-D9F9-4A16-8E8D-9DBAF98E493B}.Debug|Any CPU.Build.0 = Debug|Any CPU
		{22CA4ABA-D9F9-4A16-8E8D-9DBAF98E493B}.Debug|x64.ActiveCfg = Debug|Any CPU
		{22CA4ABA-D9F9-4A16-8E8D-9DBAF98E493B}.Debug|x64.Build.0 = Debug|Any CPU
		{22CA4ABA-D9F9-4A16-8E8D-9DBAF98E493B}.Debug|x86.ActiveCfg = Debug|Any CPU
		{22CA4ABA-D9F9-4A16-8E8D-9DBAF98E493B}.Debug|x86.Build.0 = Debug|Any CPU
		{22CA4ABA-D9F9-4A16-8E8D-9DBAF98E493B}.Release|Any CPU.ActiveCfg = Release|Any CPU
		{22CA4ABA-D9F9-4A16-8E8D-9DBAF98E493B}.Release|Any CPU.Build.0 = Release|Any CPU
		{22CA4ABA-D9F9-4A16-8E8D-9DBAF98E493B}.Release|x64.ActiveCfg = Release|Any CPU
		{22CA4ABA-D9F9-4A16-8E8D-9DBAF98E493B}.Release|x64.Build.0 = Release|Any CPU
		{22CA4ABA-D9F9-4A16-8E8D-9DBAF98E493B}.Release|x86.ActiveCfg = Release|Any CPU
		{22CA4ABA-D9F9-4A16-8E8D-9DBAF98E493B}.Release|x86.Build.0 = Release|Any CPU
		{0741B6E1-E65E-44BC-8B30-9E205CCEDB4D}.Debug|Any CPU.ActiveCfg = Debug|Any CPU
		{0741B6E1-E65E-44BC-8B30-9E205CCEDB4D}.Debug|Any CPU.Build.0 = Debug|Any CPU
		{0741B6E1-E65E-44BC-8B30-9E205CCEDB4D}.Debug|x64.ActiveCfg = Debug|Any CPU
		{0741B6E1-E65E-44BC-8B30-9E205CCEDB4D}.Debug|x64.Build.0 = Debug|Any CPU
		{0741B6E1-E65E-44BC-8B30-9E205CCEDB4D}.Debug|x86.ActiveCfg = Debug|Any CPU
		{0741B6E1-E65E-44BC-8B30-9E205CCEDB4D}.Debug|x86.Build.0 = Debug|Any CPU
		{0741B6E1-E65E-44BC-8B30-9E205CCEDB4D}.Release|Any CPU.ActiveCfg = Release|Any CPU
		{0741B6E1-E65E-44BC-8B30-9E205CCEDB4D}.Release|Any CPU.Build.0 = Release|Any CPU
		{0741B6E1-E65E-44BC-8B30-9E205CCEDB4D}.Release|x64.ActiveCfg = Release|Any CPU
		{0741B6E1-E65E-44BC-8B30-9E205CCEDB4D}.Release|x64.Build.0 = Release|Any CPU
		{0741B6E1-E65E-44BC-8B30-9E205CCEDB4D}.Release|x86.ActiveCfg = Release|Any CPU
		{0741B6E1-E65E-44BC-8B30-9E205CCEDB4D}.Release|x86.Build.0 = Release|Any CPU
		{7AC2B5B5-D82B-491A-91E5-6F10F7B62F02}.Debug|Any CPU.ActiveCfg = Debug|Any CPU
		{7AC2B5B5-D82B-491A-91E5-6F10F7B62F02}.Debug|Any CPU.Build.0 = Debug|Any CPU
		{7AC2B5B5-D82B-491A-91E5-6F10F7B62F02}.Debug|x64.ActiveCfg = Debug|Any CPU
		{7AC2B5B5-D82B-491A-91E5-6F10F7B62F02}.Debug|x64.Build.0 = Debug|Any CPU
		{7AC2B5B5-D82B-491A-91E5-6F10F7B62F02}.Debug|x86.ActiveCfg = Debug|Any CPU
		{7AC2B5B5-D82B-491A-91E5-6F10F7B62F02}.Debug|x86.Build.0 = Debug|Any CPU
		{7AC2B5B5-D82B-491A-91E5-6F10F7B62F02}.Release|Any CPU.ActiveCfg = Release|Any CPU
		{7AC2B5B5-D82B-491A-91E5-6F10F7B62F02}.Release|Any CPU.Build.0 = Release|Any CPU
		{7AC2B5B5-D82B-491A-91E5-6F10F7B62F02}.Release|x64.ActiveCfg = Release|Any CPU
		{7AC2B5B5-D82B-491A-91E5-6F10F7B62F02}.Release|x64.Build.0 = Release|Any CPU
		{7AC2B5B5-D82B-491A-91E5-6F10F7B62F02}.Release|x86.ActiveCfg = Release|Any CPU
		{7AC2B5B5-D82B-491A-91E5-6F10F7B62F02}.Release|x86.Build.0 = Release|Any CPU
		{ECB640AD-F1F9-4C99-9456-80A74D3C870A}.Debug|Any CPU.ActiveCfg = Debug|Any CPU
		{ECB640AD-F1F9-4C99-9456-80A74D3C870A}.Debug|Any CPU.Build.0 = Debug|Any CPU
		{ECB640AD-F1F9-4C99-9456-80A74D3C870A}.Debug|x64.ActiveCfg = Debug|Any CPU
		{ECB640AD-F1F9-4C99-9456-80A74D3C870A}.Debug|x64.Build.0 = Debug|Any CPU
		{ECB640AD-F1F9-4C99-9456-80A74D3C870A}.Debug|x86.ActiveCfg = Debug|Any CPU
		{ECB640AD-F1F9-4C99-9456-80A74D3C870A}.Debug|x86.Build.0 = Debug|Any CPU
		{ECB640AD-F1F9-4C99-9456-80A74D3C870A}.Release|Any CPU.ActiveCfg = Release|Any CPU
		{ECB640AD-F1F9-4C99-9456-80A74D3C870A}.Release|Any CPU.Build.0 = Release|Any CPU
		{ECB640AD-F1F9-4C99-9456-80A74D3C870A}.Release|x64.ActiveCfg = Release|Any CPU
		{ECB640AD-F1F9-4C99-9456-80A74D3C870A}.Release|x64.Build.0 = Release|Any CPU
		{ECB640AD-F1F9-4C99-9456-80A74D3C870A}.Release|x86.ActiveCfg = Release|Any CPU
		{ECB640AD-F1F9-4C99-9456-80A74D3C870A}.Release|x86.Build.0 = Release|Any CPU
		{B37BF888-07F0-43AA-AAED-002E2205FFC7}.Debug|Any CPU.ActiveCfg = Debug|Any CPU
		{B37BF888-07F0-43AA-AAED-002E2205FFC7}.Debug|Any CPU.Build.0 = Debug|Any CPU
		{B37BF888-07F0-43AA-AAED-002E2205FFC7}.Debug|x64.ActiveCfg = Debug|Any CPU
		{B37BF888-07F0-43AA-AAED-002E2205FFC7}.Debug|x64.Build.0 = Debug|Any CPU
		{B37BF888-07F0-43AA-AAED-002E2205FFC7}.Debug|x86.ActiveCfg = Debug|Any CPU
		{B37BF888-07F0-43AA-AAED-002E2205FFC7}.Debug|x86.Build.0 = Debug|Any CPU
		{B37BF888-07F0-43AA-AAED-002E2205FFC7}.Release|Any CPU.ActiveCfg = Release|Any CPU
		{B37BF888-07F0-43AA-AAED-002E2205FFC7}.Release|Any CPU.Build.0 = Release|Any CPU
		{B37BF888-07F0-43AA-AAED-002E2205FFC7}.Release|x64.ActiveCfg = Release|Any CPU
		{B37BF888-07F0-43AA-AAED-002E2205FFC7}.Release|x64.Build.0 = Release|Any CPU
		{B37BF888-07F0-43AA-AAED-002E2205FFC7}.Release|x86.ActiveCfg = Release|Any CPU
		{B37BF888-07F0-43AA-AAED-002E2205FFC7}.Release|x86.Build.0 = Release|Any CPU
		{DFFF2AD6-1DD8-49C7-9687-714BDC8DBBBD}.Debug|Any CPU.ActiveCfg = Debug|Any CPU
		{DFFF2AD6-1DD8-49C7-9687-714BDC8DBBBD}.Debug|Any CPU.Build.0 = Debug|Any CPU
		{DFFF2AD6-1DD8-49C7-9687-714BDC8DBBBD}.Debug|x64.ActiveCfg = Debug|Any CPU
		{DFFF2AD6-1DD8-49C7-9687-714BDC8DBBBD}.Debug|x64.Build.0 = Debug|Any CPU
		{DFFF2AD6-1DD8-49C7-9687-714BDC8DBBBD}.Debug|x86.ActiveCfg = Debug|Any CPU
		{DFFF2AD6-1DD8-49C7-9687-714BDC8DBBBD}.Debug|x86.Build.0 = Debug|Any CPU
		{DFFF2AD6-1DD8-49C7-9687-714BDC8DBBBD}.Release|Any CPU.ActiveCfg = Release|Any CPU
		{DFFF2AD6-1DD8-49C7-9687-714BDC8DBBBD}.Release|Any CPU.Build.0 = Release|Any CPU
		{DFFF2AD6-1DD8-49C7-9687-714BDC8DBBBD}.Release|x64.ActiveCfg = Release|Any CPU
		{DFFF2AD6-1DD8-49C7-9687-714BDC8DBBBD}.Release|x64.Build.0 = Release|Any CPU
		{DFFF2AD6-1DD8-49C7-9687-714BDC8DBBBD}.Release|x86.ActiveCfg = Release|Any CPU
		{DFFF2AD6-1DD8-49C7-9687-714BDC8DBBBD}.Release|x86.Build.0 = Release|Any CPU
		{6491C72C-90CF-44A5-9FF2-B83B35327A65}.Debug|Any CPU.ActiveCfg = Debug|Any CPU
		{6491C72C-90CF-44A5-9FF2-B83B35327A65}.Debug|Any CPU.Build.0 = Debug|Any CPU
		{6491C72C-90CF-44A5-9FF2-B83B35327A65}.Debug|x64.ActiveCfg = Debug|Any CPU
		{6491C72C-90CF-44A5-9FF2-B83B35327A65}.Debug|x64.Build.0 = Debug|Any CPU
		{6491C72C-90CF-44A5-9FF2-B83B35327A65}.Debug|x86.ActiveCfg = Debug|Any CPU
		{6491C72C-90CF-44A5-9FF2-B83B35327A65}.Debug|x86.Build.0 = Debug|Any CPU
		{6491C72C-90CF-44A5-9FF2-B83B35327A65}.Release|Any CPU.ActiveCfg = Release|Any CPU
		{6491C72C-90CF-44A5-9FF2-B83B35327A65}.Release|Any CPU.Build.0 = Release|Any CPU
		{6491C72C-90CF-44A5-9FF2-B83B35327A65}.Release|x64.ActiveCfg = Release|Any CPU
		{6491C72C-90CF-44A5-9FF2-B83B35327A65}.Release|x64.Build.0 = Release|Any CPU
		{6491C72C-90CF-44A5-9FF2-B83B35327A65}.Release|x86.ActiveCfg = Release|Any CPU
		{6491C72C-90CF-44A5-9FF2-B83B35327A65}.Release|x86.Build.0 = Release|Any CPU
		{7664CE0D-E3D1-4783-90E6-17749CA32976}.Debug|Any CPU.ActiveCfg = Debug|Any CPU
		{7664CE0D-E3D1-4783-90E6-17749CA32976}.Debug|Any CPU.Build.0 = Debug|Any CPU
		{7664CE0D-E3D1-4783-90E6-17749CA32976}.Debug|x64.ActiveCfg = Debug|Any CPU
		{7664CE0D-E3D1-4783-90E6-17749CA32976}.Debug|x64.Build.0 = Debug|Any CPU
		{7664CE0D-E3D1-4783-90E6-17749CA32976}.Debug|x86.ActiveCfg = Debug|Any CPU
		{7664CE0D-E3D1-4783-90E6-17749CA32976}.Debug|x86.Build.0 = Debug|Any CPU
		{7664CE0D-E3D1-4783-90E6-17749CA32976}.Release|Any CPU.ActiveCfg = Release|Any CPU
		{7664CE0D-E3D1-4783-90E6-17749CA32976}.Release|Any CPU.Build.0 = Release|Any CPU
		{7664CE0D-E3D1-4783-90E6-17749CA32976}.Release|x64.ActiveCfg = Release|Any CPU
		{7664CE0D-E3D1-4783-90E6-17749CA32976}.Release|x64.Build.0 = Release|Any CPU
		{7664CE0D-E3D1-4783-90E6-17749CA32976}.Release|x86.ActiveCfg = Release|Any CPU
		{7664CE0D-E3D1-4783-90E6-17749CA32976}.Release|x86.Build.0 = Release|Any CPU
		{A35E2834-F868-463B-A320-E20D807D59B2}.Debug|Any CPU.ActiveCfg = Debug|Any CPU
		{A35E2834-F868-463B-A320-E20D807D59B2}.Debug|Any CPU.Build.0 = Debug|Any CPU
		{A35E2834-F868-463B-A320-E20D807D59B2}.Debug|x64.ActiveCfg = Debug|Any CPU
		{A35E2834-F868-463B-A320-E20D807D59B2}.Debug|x64.Build.0 = Debug|Any CPU
		{A35E2834-F868-463B-A320-E20D807D59B2}.Debug|x86.ActiveCfg = Debug|Any CPU
		{A35E2834-F868-463B-A320-E20D807D59B2}.Debug|x86.Build.0 = Debug|Any CPU
		{A35E2834-F868-463B-A320-E20D807D59B2}.Release|Any CPU.ActiveCfg = Release|Any CPU
		{A35E2834-F868-463B-A320-E20D807D59B2}.Release|Any CPU.Build.0 = Release|Any CPU
		{A35E2834-F868-463B-A320-E20D807D59B2}.Release|x64.ActiveCfg = Release|Any CPU
		{A35E2834-F868-463B-A320-E20D807D59B2}.Release|x64.Build.0 = Release|Any CPU
		{A35E2834-F868-463B-A320-E20D807D59B2}.Release|x86.ActiveCfg = Release|Any CPU
		{A35E2834-F868-463B-A320-E20D807D59B2}.Release|x86.Build.0 = Release|Any CPU
		{6568589E-CC2F-4788-8D60-B716757311DC}.Debug|Any CPU.ActiveCfg = Debug|Any CPU
		{6568589E-CC2F-4788-8D60-B716757311DC}.Debug|Any CPU.Build.0 = Debug|Any CPU
		{6568589E-CC2F-4788-8D60-B716757311DC}.Debug|x64.ActiveCfg = Debug|Any CPU
		{6568589E-CC2F-4788-8D60-B716757311DC}.Debug|x64.Build.0 = Debug|Any CPU
		{6568589E-CC2F-4788-8D60-B716757311DC}.Debug|x86.ActiveCfg = Debug|Any CPU
		{6568589E-CC2F-4788-8D60-B716757311DC}.Debug|x86.Build.0 = Debug|Any CPU
		{6568589E-CC2F-4788-8D60-B716757311DC}.Release|Any CPU.ActiveCfg = Release|Any CPU
		{6568589E-CC2F-4788-8D60-B716757311DC}.Release|Any CPU.Build.0 = Release|Any CPU
		{6568589E-CC2F-4788-8D60-B716757311DC}.Release|x64.ActiveCfg = Release|Any CPU
		{6568589E-CC2F-4788-8D60-B716757311DC}.Release|x64.Build.0 = Release|Any CPU
		{6568589E-CC2F-4788-8D60-B716757311DC}.Release|x86.ActiveCfg = Release|Any CPU
		{6568589E-CC2F-4788-8D60-B716757311DC}.Release|x86.Build.0 = Release|Any CPU
		{AEFF5711-A047-4EA7-8CE4-A26A63734C03}.Debug|Any CPU.ActiveCfg = Debug|Any CPU
		{AEFF5711-A047-4EA7-8CE4-A26A63734C03}.Debug|Any CPU.Build.0 = Debug|Any CPU
		{AEFF5711-A047-4EA7-8CE4-A26A63734C03}.Debug|x64.ActiveCfg = Debug|Any CPU
		{AEFF5711-A047-4EA7-8CE4-A26A63734C03}.Debug|x64.Build.0 = Debug|Any CPU
		{AEFF5711-A047-4EA7-8CE4-A26A63734C03}.Debug|x86.ActiveCfg = Debug|Any CPU
		{AEFF5711-A047-4EA7-8CE4-A26A63734C03}.Debug|x86.Build.0 = Debug|Any CPU
		{AEFF5711-A047-4EA7-8CE4-A26A63734C03}.Release|Any CPU.ActiveCfg = Release|Any CPU
		{AEFF5711-A047-4EA7-8CE4-A26A63734C03}.Release|Any CPU.Build.0 = Release|Any CPU
		{AEFF5711-A047-4EA7-8CE4-A26A63734C03}.Release|x64.ActiveCfg = Release|Any CPU
		{AEFF5711-A047-4EA7-8CE4-A26A63734C03}.Release|x64.Build.0 = Release|Any CPU
		{AEFF5711-A047-4EA7-8CE4-A26A63734C03}.Release|x86.ActiveCfg = Release|Any CPU
		{AEFF5711-A047-4EA7-8CE4-A26A63734C03}.Release|x86.Build.0 = Release|Any CPU
		{548A0564-6B1A-4494-A281-84D4A111A0C7}.Debug|Any CPU.ActiveCfg = Debug|Any CPU
		{548A0564-6B1A-4494-A281-84D4A111A0C7}.Debug|Any CPU.Build.0 = Debug|Any CPU
		{548A0564-6B1A-4494-A281-84D4A111A0C7}.Debug|x64.ActiveCfg = Debug|Any CPU
		{548A0564-6B1A-4494-A281-84D4A111A0C7}.Debug|x64.Build.0 = Debug|Any CPU
		{548A0564-6B1A-4494-A281-84D4A111A0C7}.Debug|x86.ActiveCfg = Debug|Any CPU
		{548A0564-6B1A-4494-A281-84D4A111A0C7}.Debug|x86.Build.0 = Debug|Any CPU
		{548A0564-6B1A-4494-A281-84D4A111A0C7}.Release|Any CPU.ActiveCfg = Release|Any CPU
		{548A0564-6B1A-4494-A281-84D4A111A0C7}.Release|Any CPU.Build.0 = Release|Any CPU
		{548A0564-6B1A-4494-A281-84D4A111A0C7}.Release|x64.ActiveCfg = Release|Any CPU
		{548A0564-6B1A-4494-A281-84D4A111A0C7}.Release|x64.Build.0 = Release|Any CPU
		{548A0564-6B1A-4494-A281-84D4A111A0C7}.Release|x86.ActiveCfg = Release|Any CPU
		{548A0564-6B1A-4494-A281-84D4A111A0C7}.Release|x86.Build.0 = Release|Any CPU
		{C4E52770-10D4-4218-AACB-9AE6DA7DEEAF}.Debug|Any CPU.ActiveCfg = Debug|Any CPU
		{C4E52770-10D4-4218-AACB-9AE6DA7DEEAF}.Debug|Any CPU.Build.0 = Debug|Any CPU
		{C4E52770-10D4-4218-AACB-9AE6DA7DEEAF}.Debug|x64.ActiveCfg = Debug|Any CPU
		{C4E52770-10D4-4218-AACB-9AE6DA7DEEAF}.Debug|x64.Build.0 = Debug|Any CPU
		{C4E52770-10D4-4218-AACB-9AE6DA7DEEAF}.Debug|x86.ActiveCfg = Debug|Any CPU
		{C4E52770-10D4-4218-AACB-9AE6DA7DEEAF}.Debug|x86.Build.0 = Debug|Any CPU
		{C4E52770-10D4-4218-AACB-9AE6DA7DEEAF}.Release|Any CPU.ActiveCfg = Release|Any CPU
		{C4E52770-10D4-4218-AACB-9AE6DA7DEEAF}.Release|Any CPU.Build.0 = Release|Any CPU
		{C4E52770-10D4-4218-AACB-9AE6DA7DEEAF}.Release|x64.ActiveCfg = Release|Any CPU
		{C4E52770-10D4-4218-AACB-9AE6DA7DEEAF}.Release|x64.Build.0 = Release|Any CPU
		{C4E52770-10D4-4218-AACB-9AE6DA7DEEAF}.Release|x86.ActiveCfg = Release|Any CPU
		{C4E52770-10D4-4218-AACB-9AE6DA7DEEAF}.Release|x86.Build.0 = Release|Any CPU
		{8801D951-4A1D-47FF-A2E5-44873262745E}.Debug|Any CPU.ActiveCfg = Debug|Any CPU
		{8801D951-4A1D-47FF-A2E5-44873262745E}.Debug|Any CPU.Build.0 = Debug|Any CPU
		{8801D951-4A1D-47FF-A2E5-44873262745E}.Debug|x64.ActiveCfg = Debug|Any CPU
		{8801D951-4A1D-47FF-A2E5-44873262745E}.Debug|x64.Build.0 = Debug|Any CPU
		{8801D951-4A1D-47FF-A2E5-44873262745E}.Debug|x86.ActiveCfg = Debug|Any CPU
		{8801D951-4A1D-47FF-A2E5-44873262745E}.Debug|x86.Build.0 = Debug|Any CPU
		{8801D951-4A1D-47FF-A2E5-44873262745E}.Release|Any CPU.ActiveCfg = Release|Any CPU
		{8801D951-4A1D-47FF-A2E5-44873262745E}.Release|Any CPU.Build.0 = Release|Any CPU
		{8801D951-4A1D-47FF-A2E5-44873262745E}.Release|x64.ActiveCfg = Release|Any CPU
		{8801D951-4A1D-47FF-A2E5-44873262745E}.Release|x64.Build.0 = Release|Any CPU
		{8801D951-4A1D-47FF-A2E5-44873262745E}.Release|x86.ActiveCfg = Release|Any CPU
		{8801D951-4A1D-47FF-A2E5-44873262745E}.Release|x86.Build.0 = Release|Any CPU
		{6A7BDF8E-8E54-42AA-99E3-BCBC7BABA124}.Debug|Any CPU.ActiveCfg = Debug|Any CPU
		{6A7BDF8E-8E54-42AA-99E3-BCBC7BABA124}.Debug|Any CPU.Build.0 = Debug|Any CPU
		{6A7BDF8E-8E54-42AA-99E3-BCBC7BABA124}.Debug|x64.ActiveCfg = Debug|Any CPU
		{6A7BDF8E-8E54-42AA-99E3-BCBC7BABA124}.Debug|x64.Build.0 = Debug|Any CPU
		{6A7BDF8E-8E54-42AA-99E3-BCBC7BABA124}.Debug|x86.ActiveCfg = Debug|Any CPU
		{6A7BDF8E-8E54-42AA-99E3-BCBC7BABA124}.Debug|x86.Build.0 = Debug|Any CPU
		{6A7BDF8E-8E54-42AA-99E3-BCBC7BABA124}.Release|Any CPU.ActiveCfg = Release|Any CPU
		{6A7BDF8E-8E54-42AA-99E3-BCBC7BABA124}.Release|Any CPU.Build.0 = Release|Any CPU
		{6A7BDF8E-8E54-42AA-99E3-BCBC7BABA124}.Release|x64.ActiveCfg = Release|Any CPU
		{6A7BDF8E-8E54-42AA-99E3-BCBC7BABA124}.Release|x64.Build.0 = Release|Any CPU
		{6A7BDF8E-8E54-42AA-99E3-BCBC7BABA124}.Release|x86.ActiveCfg = Release|Any CPU
		{6A7BDF8E-8E54-42AA-99E3-BCBC7BABA124}.Release|x86.Build.0 = Release|Any CPU
		{CE761665-1F2C-433D-97E0-E619B2CDD581}.Debug|Any CPU.ActiveCfg = Debug|Any CPU
		{CE761665-1F2C-433D-97E0-E619B2CDD581}.Debug|Any CPU.Build.0 = Debug|Any CPU
		{CE761665-1F2C-433D-97E0-E619B2CDD581}.Debug|x64.ActiveCfg = Debug|Any CPU
		{CE761665-1F2C-433D-97E0-E619B2CDD581}.Debug|x64.Build.0 = Debug|Any CPU
		{CE761665-1F2C-433D-97E0-E619B2CDD581}.Debug|x86.ActiveCfg = Debug|Any CPU
		{CE761665-1F2C-433D-97E0-E619B2CDD581}.Debug|x86.Build.0 = Debug|Any CPU
		{CE761665-1F2C-433D-97E0-E619B2CDD581}.Release|Any CPU.ActiveCfg = Release|Any CPU
		{CE761665-1F2C-433D-97E0-E619B2CDD581}.Release|Any CPU.Build.0 = Release|Any CPU
		{CE761665-1F2C-433D-97E0-E619B2CDD581}.Release|x64.ActiveCfg = Release|Any CPU
		{CE761665-1F2C-433D-97E0-E619B2CDD581}.Release|x64.Build.0 = Release|Any CPU
		{CE761665-1F2C-433D-97E0-E619B2CDD581}.Release|x86.ActiveCfg = Release|Any CPU
		{CE761665-1F2C-433D-97E0-E619B2CDD581}.Release|x86.Build.0 = Release|Any CPU
		{508DDF57-F3BF-459E-B50A-B43A74A4EE85}.Debug|Any CPU.ActiveCfg = Debug|Any CPU
		{508DDF57-F3BF-459E-B50A-B43A74A4EE85}.Debug|Any CPU.Build.0 = Debug|Any CPU
		{508DDF57-F3BF-459E-B50A-B43A74A4EE85}.Debug|x64.ActiveCfg = Debug|Any CPU
		{508DDF57-F3BF-459E-B50A-B43A74A4EE85}.Debug|x64.Build.0 = Debug|Any CPU
		{508DDF57-F3BF-459E-B50A-B43A74A4EE85}.Debug|x86.ActiveCfg = Debug|Any CPU
		{508DDF57-F3BF-459E-B50A-B43A74A4EE85}.Debug|x86.Build.0 = Debug|Any CPU
		{508DDF57-F3BF-459E-B50A-B43A74A4EE85}.Release|Any CPU.ActiveCfg = Release|Any CPU
		{508DDF57-F3BF-459E-B50A-B43A74A4EE85}.Release|Any CPU.Build.0 = Release|Any CPU
		{508DDF57-F3BF-459E-B50A-B43A74A4EE85}.Release|x64.ActiveCfg = Release|Any CPU
		{508DDF57-F3BF-459E-B50A-B43A74A4EE85}.Release|x64.Build.0 = Release|Any CPU
		{508DDF57-F3BF-459E-B50A-B43A74A4EE85}.Release|x86.ActiveCfg = Release|Any CPU
		{508DDF57-F3BF-459E-B50A-B43A74A4EE85}.Release|x86.Build.0 = Release|Any CPU
		{7F8029DA-1B94-4B1D-B91F-5B21DBF2F3A2}.Debug|Any CPU.ActiveCfg = Debug|Any CPU
		{7F8029DA-1B94-4B1D-B91F-5B21DBF2F3A2}.Debug|Any CPU.Build.0 = Debug|Any CPU
		{7F8029DA-1B94-4B1D-B91F-5B21DBF2F3A2}.Debug|x64.ActiveCfg = Debug|Any CPU
		{7F8029DA-1B94-4B1D-B91F-5B21DBF2F3A2}.Debug|x64.Build.0 = Debug|Any CPU
		{7F8029DA-1B94-4B1D-B91F-5B21DBF2F3A2}.Debug|x86.ActiveCfg = Debug|Any CPU
		{7F8029DA-1B94-4B1D-B91F-5B21DBF2F3A2}.Debug|x86.Build.0 = Debug|Any CPU
		{7F8029DA-1B94-4B1D-B91F-5B21DBF2F3A2}.Release|Any CPU.ActiveCfg = Release|Any CPU
		{7F8029DA-1B94-4B1D-B91F-5B21DBF2F3A2}.Release|Any CPU.Build.0 = Release|Any CPU
		{7F8029DA-1B94-4B1D-B91F-5B21DBF2F3A2}.Release|x64.ActiveCfg = Release|Any CPU
		{7F8029DA-1B94-4B1D-B91F-5B21DBF2F3A2}.Release|x64.Build.0 = Release|Any CPU
		{7F8029DA-1B94-4B1D-B91F-5B21DBF2F3A2}.Release|x86.ActiveCfg = Release|Any CPU
		{7F8029DA-1B94-4B1D-B91F-5B21DBF2F3A2}.Release|x86.Build.0 = Release|Any CPU
		{0D509C46-D2AF-40FE-9FA7-93933E80A568}.Debug|Any CPU.ActiveCfg = Debug|Any CPU
		{0D509C46-D2AF-40FE-9FA7-93933E80A568}.Debug|Any CPU.Build.0 = Debug|Any CPU
		{0D509C46-D2AF-40FE-9FA7-93933E80A568}.Debug|x64.ActiveCfg = Debug|Any CPU
		{0D509C46-D2AF-40FE-9FA7-93933E80A568}.Debug|x64.Build.0 = Debug|Any CPU
		{0D509C46-D2AF-40FE-9FA7-93933E80A568}.Debug|x86.ActiveCfg = Debug|Any CPU
		{0D509C46-D2AF-40FE-9FA7-93933E80A568}.Debug|x86.Build.0 = Debug|Any CPU
		{0D509C46-D2AF-40FE-9FA7-93933E80A568}.Release|Any CPU.ActiveCfg = Release|Any CPU
		{0D509C46-D2AF-40FE-9FA7-93933E80A568}.Release|Any CPU.Build.0 = Release|Any CPU
		{0D509C46-D2AF-40FE-9FA7-93933E80A568}.Release|x64.ActiveCfg = Release|Any CPU
		{0D509C46-D2AF-40FE-9FA7-93933E80A568}.Release|x64.Build.0 = Release|Any CPU
		{0D509C46-D2AF-40FE-9FA7-93933E80A568}.Release|x86.ActiveCfg = Release|Any CPU
		{0D509C46-D2AF-40FE-9FA7-93933E80A568}.Release|x86.Build.0 = Release|Any CPU
		{C6DEC70A-F183-43B9-9052-F830F6CCE589}.Debug|Any CPU.ActiveCfg = Debug|Any CPU
		{C6DEC70A-F183-43B9-9052-F830F6CCE589}.Debug|Any CPU.Build.0 = Debug|Any CPU
		{C6DEC70A-F183-43B9-9052-F830F6CCE589}.Debug|x64.ActiveCfg = Debug|Any CPU
		{C6DEC70A-F183-43B9-9052-F830F6CCE589}.Debug|x64.Build.0 = Debug|Any CPU
		{C6DEC70A-F183-43B9-9052-F830F6CCE589}.Debug|x86.ActiveCfg = Debug|Any CPU
		{C6DEC70A-F183-43B9-9052-F830F6CCE589}.Debug|x86.Build.0 = Debug|Any CPU
		{C6DEC70A-F183-43B9-9052-F830F6CCE589}.Release|Any CPU.ActiveCfg = Release|Any CPU
		{C6DEC70A-F183-43B9-9052-F830F6CCE589}.Release|Any CPU.Build.0 = Release|Any CPU
		{C6DEC70A-F183-43B9-9052-F830F6CCE589}.Release|x64.ActiveCfg = Release|Any CPU
		{C6DEC70A-F183-43B9-9052-F830F6CCE589}.Release|x64.Build.0 = Release|Any CPU
		{C6DEC70A-F183-43B9-9052-F830F6CCE589}.Release|x86.ActiveCfg = Release|Any CPU
		{C6DEC70A-F183-43B9-9052-F830F6CCE589}.Release|x86.Build.0 = Release|Any CPU
		{7B4580F8-FB42-4E1D-A0E7-9D83D4FA8FB2}.Debug|Any CPU.ActiveCfg = Debug|Any CPU
		{7B4580F8-FB42-4E1D-A0E7-9D83D4FA8FB2}.Debug|Any CPU.Build.0 = Debug|Any CPU
		{7B4580F8-FB42-4E1D-A0E7-9D83D4FA8FB2}.Debug|x64.ActiveCfg = Debug|Any CPU
		{7B4580F8-FB42-4E1D-A0E7-9D83D4FA8FB2}.Debug|x64.Build.0 = Debug|Any CPU
		{7B4580F8-FB42-4E1D-A0E7-9D83D4FA8FB2}.Debug|x86.ActiveCfg = Debug|Any CPU
		{7B4580F8-FB42-4E1D-A0E7-9D83D4FA8FB2}.Debug|x86.Build.0 = Debug|Any CPU
		{7B4580F8-FB42-4E1D-A0E7-9D83D4FA8FB2}.Release|Any CPU.ActiveCfg = Release|Any CPU
		{7B4580F8-FB42-4E1D-A0E7-9D83D4FA8FB2}.Release|Any CPU.Build.0 = Release|Any CPU
		{7B4580F8-FB42-4E1D-A0E7-9D83D4FA8FB2}.Release|x64.ActiveCfg = Release|Any CPU
		{7B4580F8-FB42-4E1D-A0E7-9D83D4FA8FB2}.Release|x64.Build.0 = Release|Any CPU
		{7B4580F8-FB42-4E1D-A0E7-9D83D4FA8FB2}.Release|x86.ActiveCfg = Release|Any CPU
		{7B4580F8-FB42-4E1D-A0E7-9D83D4FA8FB2}.Release|x86.Build.0 = Release|Any CPU
		{29444D36-12BB-4A09-909E-5DA35B46E450}.Debug|Any CPU.ActiveCfg = Debug|Any CPU
		{29444D36-12BB-4A09-909E-5DA35B46E450}.Debug|Any CPU.Build.0 = Debug|Any CPU
		{29444D36-12BB-4A09-909E-5DA35B46E450}.Debug|x64.ActiveCfg = Debug|Any CPU
		{29444D36-12BB-4A09-909E-5DA35B46E450}.Debug|x64.Build.0 = Debug|Any CPU
		{29444D36-12BB-4A09-909E-5DA35B46E450}.Debug|x86.ActiveCfg = Debug|Any CPU
		{29444D36-12BB-4A09-909E-5DA35B46E450}.Debug|x86.Build.0 = Debug|Any CPU
		{29444D36-12BB-4A09-909E-5DA35B46E450}.Release|Any CPU.ActiveCfg = Release|Any CPU
		{29444D36-12BB-4A09-909E-5DA35B46E450}.Release|Any CPU.Build.0 = Release|Any CPU
		{29444D36-12BB-4A09-909E-5DA35B46E450}.Release|x64.ActiveCfg = Release|Any CPU
		{29444D36-12BB-4A09-909E-5DA35B46E450}.Release|x64.Build.0 = Release|Any CPU
		{29444D36-12BB-4A09-909E-5DA35B46E450}.Release|x86.ActiveCfg = Release|Any CPU
		{29444D36-12BB-4A09-909E-5DA35B46E450}.Release|x86.Build.0 = Release|Any CPU
		{4C76DC5A-E9AA-4D9F-909E-B3F949F9DCA9}.Debug|Any CPU.ActiveCfg = Debug|Any CPU
		{4C76DC5A-E9AA-4D9F-909E-B3F949F9DCA9}.Debug|Any CPU.Build.0 = Debug|Any CPU
		{4C76DC5A-E9AA-4D9F-909E-B3F949F9DCA9}.Debug|x64.ActiveCfg = Debug|Any CPU
		{4C76DC5A-E9AA-4D9F-909E-B3F949F9DCA9}.Debug|x64.Build.0 = Debug|Any CPU
		{4C76DC5A-E9AA-4D9F-909E-B3F949F9DCA9}.Debug|x86.ActiveCfg = Debug|Any CPU
		{4C76DC5A-E9AA-4D9F-909E-B3F949F9DCA9}.Debug|x86.Build.0 = Debug|Any CPU
		{4C76DC5A-E9AA-4D9F-909E-B3F949F9DCA9}.Release|Any CPU.ActiveCfg = Release|Any CPU
		{4C76DC5A-E9AA-4D9F-909E-B3F949F9DCA9}.Release|Any CPU.Build.0 = Release|Any CPU
		{4C76DC5A-E9AA-4D9F-909E-B3F949F9DCA9}.Release|x64.ActiveCfg = Release|Any CPU
		{4C76DC5A-E9AA-4D9F-909E-B3F949F9DCA9}.Release|x64.Build.0 = Release|Any CPU
		{4C76DC5A-E9AA-4D9F-909E-B3F949F9DCA9}.Release|x86.ActiveCfg = Release|Any CPU
		{4C76DC5A-E9AA-4D9F-909E-B3F949F9DCA9}.Release|x86.Build.0 = Release|Any CPU
		{F0151142-A885-4D3B-B247-33BC82852FEC}.Debug|Any CPU.ActiveCfg = Debug|Any CPU
		{F0151142-A885-4D3B-B247-33BC82852FEC}.Debug|Any CPU.Build.0 = Debug|Any CPU
		{F0151142-A885-4D3B-B247-33BC82852FEC}.Debug|x64.ActiveCfg = Debug|Any CPU
		{F0151142-A885-4D3B-B247-33BC82852FEC}.Debug|x64.Build.0 = Debug|Any CPU
		{F0151142-A885-4D3B-B247-33BC82852FEC}.Debug|x86.ActiveCfg = Debug|Any CPU
		{F0151142-A885-4D3B-B247-33BC82852FEC}.Debug|x86.Build.0 = Debug|Any CPU
		{F0151142-A885-4D3B-B247-33BC82852FEC}.Release|Any CPU.ActiveCfg = Release|Any CPU
		{F0151142-A885-4D3B-B247-33BC82852FEC}.Release|Any CPU.Build.0 = Release|Any CPU
		{F0151142-A885-4D3B-B247-33BC82852FEC}.Release|x64.ActiveCfg = Release|Any CPU
		{F0151142-A885-4D3B-B247-33BC82852FEC}.Release|x64.Build.0 = Release|Any CPU
		{F0151142-A885-4D3B-B247-33BC82852FEC}.Release|x86.ActiveCfg = Release|Any CPU
		{F0151142-A885-4D3B-B247-33BC82852FEC}.Release|x86.Build.0 = Release|Any CPU
		{424DAFC2-612E-4D29-B511-683AEABB9E52}.Debug|Any CPU.ActiveCfg = Debug|Any CPU
		{424DAFC2-612E-4D29-B511-683AEABB9E52}.Debug|Any CPU.Build.0 = Debug|Any CPU
		{424DAFC2-612E-4D29-B511-683AEABB9E52}.Debug|x64.ActiveCfg = Debug|Any CPU
		{424DAFC2-612E-4D29-B511-683AEABB9E52}.Debug|x64.Build.0 = Debug|Any CPU
		{424DAFC2-612E-4D29-B511-683AEABB9E52}.Debug|x86.ActiveCfg = Debug|Any CPU
		{424DAFC2-612E-4D29-B511-683AEABB9E52}.Debug|x86.Build.0 = Debug|Any CPU
		{424DAFC2-612E-4D29-B511-683AEABB9E52}.Release|Any CPU.ActiveCfg = Release|Any CPU
		{424DAFC2-612E-4D29-B511-683AEABB9E52}.Release|Any CPU.Build.0 = Release|Any CPU
		{424DAFC2-612E-4D29-B511-683AEABB9E52}.Release|x64.ActiveCfg = Release|Any CPU
		{424DAFC2-612E-4D29-B511-683AEABB9E52}.Release|x64.Build.0 = Release|Any CPU
		{424DAFC2-612E-4D29-B511-683AEABB9E52}.Release|x86.ActiveCfg = Release|Any CPU
		{424DAFC2-612E-4D29-B511-683AEABB9E52}.Release|x86.Build.0 = Release|Any CPU
		{87A4075A-E5A2-4613-9E59-E70818E698D4}.Debug|Any CPU.ActiveCfg = Debug|Any CPU
		{87A4075A-E5A2-4613-9E59-E70818E698D4}.Debug|Any CPU.Build.0 = Debug|Any CPU
		{87A4075A-E5A2-4613-9E59-E70818E698D4}.Debug|x64.ActiveCfg = Debug|Any CPU
		{87A4075A-E5A2-4613-9E59-E70818E698D4}.Debug|x64.Build.0 = Debug|Any CPU
		{87A4075A-E5A2-4613-9E59-E70818E698D4}.Debug|x86.ActiveCfg = Debug|Any CPU
		{87A4075A-E5A2-4613-9E59-E70818E698D4}.Debug|x86.Build.0 = Debug|Any CPU
		{87A4075A-E5A2-4613-9E59-E70818E698D4}.Release|Any CPU.ActiveCfg = Release|Any CPU
		{87A4075A-E5A2-4613-9E59-E70818E698D4}.Release|Any CPU.Build.0 = Release|Any CPU
		{87A4075A-E5A2-4613-9E59-E70818E698D4}.Release|x64.ActiveCfg = Release|Any CPU
		{87A4075A-E5A2-4613-9E59-E70818E698D4}.Release|x64.Build.0 = Release|Any CPU
		{87A4075A-E5A2-4613-9E59-E70818E698D4}.Release|x86.ActiveCfg = Release|Any CPU
		{87A4075A-E5A2-4613-9E59-E70818E698D4}.Release|x86.Build.0 = Release|Any CPU
		{6901CCEC-A26B-4E3A-A7DC-911EBEF78098}.Debug|Any CPU.ActiveCfg = Debug|Any CPU
		{6901CCEC-A26B-4E3A-A7DC-911EBEF78098}.Debug|Any CPU.Build.0 = Debug|Any CPU
		{6901CCEC-A26B-4E3A-A7DC-911EBEF78098}.Debug|x64.ActiveCfg = Debug|Any CPU
		{6901CCEC-A26B-4E3A-A7DC-911EBEF78098}.Debug|x64.Build.0 = Debug|Any CPU
		{6901CCEC-A26B-4E3A-A7DC-911EBEF78098}.Debug|x86.ActiveCfg = Debug|Any CPU
		{6901CCEC-A26B-4E3A-A7DC-911EBEF78098}.Debug|x86.Build.0 = Debug|Any CPU
		{6901CCEC-A26B-4E3A-A7DC-911EBEF78098}.Release|Any CPU.ActiveCfg = Release|Any CPU
		{6901CCEC-A26B-4E3A-A7DC-911EBEF78098}.Release|Any CPU.Build.0 = Release|Any CPU
		{6901CCEC-A26B-4E3A-A7DC-911EBEF78098}.Release|x64.ActiveCfg = Release|Any CPU
		{6901CCEC-A26B-4E3A-A7DC-911EBEF78098}.Release|x64.Build.0 = Release|Any CPU
		{6901CCEC-A26B-4E3A-A7DC-911EBEF78098}.Release|x86.ActiveCfg = Release|Any CPU
		{6901CCEC-A26B-4E3A-A7DC-911EBEF78098}.Release|x86.Build.0 = Release|Any CPU
		{8B8A15DA-1ED1-42B9-BC97-2DA80AE4F10D}.Debug|Any CPU.ActiveCfg = Debug|Any CPU
		{8B8A15DA-1ED1-42B9-BC97-2DA80AE4F10D}.Debug|Any CPU.Build.0 = Debug|Any CPU
		{8B8A15DA-1ED1-42B9-BC97-2DA80AE4F10D}.Debug|x64.ActiveCfg = Debug|Any CPU
		{8B8A15DA-1ED1-42B9-BC97-2DA80AE4F10D}.Debug|x64.Build.0 = Debug|Any CPU
		{8B8A15DA-1ED1-42B9-BC97-2DA80AE4F10D}.Debug|x86.ActiveCfg = Debug|Any CPU
		{8B8A15DA-1ED1-42B9-BC97-2DA80AE4F10D}.Debug|x86.Build.0 = Debug|Any CPU
		{8B8A15DA-1ED1-42B9-BC97-2DA80AE4F10D}.Release|Any CPU.ActiveCfg = Release|Any CPU
		{8B8A15DA-1ED1-42B9-BC97-2DA80AE4F10D}.Release|Any CPU.Build.0 = Release|Any CPU
		{8B8A15DA-1ED1-42B9-BC97-2DA80AE4F10D}.Release|x64.ActiveCfg = Release|Any CPU
		{8B8A15DA-1ED1-42B9-BC97-2DA80AE4F10D}.Release|x64.Build.0 = Release|Any CPU
		{8B8A15DA-1ED1-42B9-BC97-2DA80AE4F10D}.Release|x86.ActiveCfg = Release|Any CPU
		{8B8A15DA-1ED1-42B9-BC97-2DA80AE4F10D}.Release|x86.Build.0 = Release|Any CPU
		{BF88397B-6422-4F5C-AA05-F97936C35CA4}.Debug|Any CPU.ActiveCfg = Debug|Any CPU
		{BF88397B-6422-4F5C-AA05-F97936C35CA4}.Debug|Any CPU.Build.0 = Debug|Any CPU
		{BF88397B-6422-4F5C-AA05-F97936C35CA4}.Debug|x64.ActiveCfg = Debug|Any CPU
		{BF88397B-6422-4F5C-AA05-F97936C35CA4}.Debug|x64.Build.0 = Debug|Any CPU
		{BF88397B-6422-4F5C-AA05-F97936C35CA4}.Debug|x86.ActiveCfg = Debug|Any CPU
		{BF88397B-6422-4F5C-AA05-F97936C35CA4}.Debug|x86.Build.0 = Debug|Any CPU
		{BF88397B-6422-4F5C-AA05-F97936C35CA4}.Release|Any CPU.ActiveCfg = Release|Any CPU
		{BF88397B-6422-4F5C-AA05-F97936C35CA4}.Release|Any CPU.Build.0 = Release|Any CPU
		{BF88397B-6422-4F5C-AA05-F97936C35CA4}.Release|x64.ActiveCfg = Release|Any CPU
		{BF88397B-6422-4F5C-AA05-F97936C35CA4}.Release|x64.Build.0 = Release|Any CPU
		{BF88397B-6422-4F5C-AA05-F97936C35CA4}.Release|x86.ActiveCfg = Release|Any CPU
		{BF88397B-6422-4F5C-AA05-F97936C35CA4}.Release|x86.Build.0 = Release|Any CPU
		{7F0FC3E1-E971-4D12-A701-4E1C1909D09F}.Debug|Any CPU.ActiveCfg = Debug|Any CPU
		{7F0FC3E1-E971-4D12-A701-4E1C1909D09F}.Debug|Any CPU.Build.0 = Debug|Any CPU
		{7F0FC3E1-E971-4D12-A701-4E1C1909D09F}.Debug|x64.ActiveCfg = Debug|Any CPU
		{7F0FC3E1-E971-4D12-A701-4E1C1909D09F}.Debug|x64.Build.0 = Debug|Any CPU
		{7F0FC3E1-E971-4D12-A701-4E1C1909D09F}.Debug|x86.ActiveCfg = Debug|Any CPU
		{7F0FC3E1-E971-4D12-A701-4E1C1909D09F}.Debug|x86.Build.0 = Debug|Any CPU
		{7F0FC3E1-E971-4D12-A701-4E1C1909D09F}.Release|Any CPU.ActiveCfg = Release|Any CPU
		{7F0FC3E1-E971-4D12-A701-4E1C1909D09F}.Release|Any CPU.Build.0 = Release|Any CPU
		{7F0FC3E1-E971-4D12-A701-4E1C1909D09F}.Release|x64.ActiveCfg = Release|Any CPU
		{7F0FC3E1-E971-4D12-A701-4E1C1909D09F}.Release|x64.Build.0 = Release|Any CPU
		{7F0FC3E1-E971-4D12-A701-4E1C1909D09F}.Release|x86.ActiveCfg = Release|Any CPU
		{7F0FC3E1-E971-4D12-A701-4E1C1909D09F}.Release|x86.Build.0 = Release|Any CPU
	EndGlobalSection
	GlobalSection(SolutionProperties) = preSolution
		HideSolutionNode = FALSE
	EndGlobalSection
	GlobalSection(NestedProjects) = preSolution
		{6687B86A-6A2A-44BC-9548-44A904332EC4} = {DDD04C96-B715-4021-9F6B-68C496C9198F}
		{AF0E2684-5E14-4A8F-8D5B-950515C7AC9B} = {DDD04C96-B715-4021-9F6B-68C496C9198F}
		{FDC52FE5-AA83-44EE-AA8E-61C366F58723} = {DDD04C96-B715-4021-9F6B-68C496C9198F}
		{9BAA53FD-89B5-43E2-AC59-A27B006DEBB6} = {DDD04C96-B715-4021-9F6B-68C496C9198F}
		{77ED73E8-1D87-40A0-A37A-B5C1EE2CE586} = {DDD04C96-B715-4021-9F6B-68C496C9198F}
		{A0DEEF78-814F-451C-8089-455B4184A894} = {DDD04C96-B715-4021-9F6B-68C496C9198F}
		{E0B10532-137B-4A68-8E31-91F9B071E6B5} = {DDD04C96-B715-4021-9F6B-68C496C9198F}
		{73731027-FFBF-45EE-89F3-12C165185728} = {DDD04C96-B715-4021-9F6B-68C496C9198F}
		{511A53C4-45EE-4C5C-9862-F0B903BDB99A} = {DDD04C96-B715-4021-9F6B-68C496C9198F}
		{1E6595AE-E37B-417C-8A8C-614184104860} = {839F0CB5-E001-4117-AA34-825D29DEC0B7}
		{6E53EB79-4228-43A9-8527-FA124452DD3C} = {535ACDC7-3555-4207-92DA-80AD5F5002DA}
		{3D4662B7-385D-4039-94FE-C45F696977C9} = {7FBF8F80-CA2D-4E24-ADA4-4D3625A7B52B}
		{B3EE9F40-1890-4F9D-BEBD-E16A02F6FCFA} = {7FBF8F80-CA2D-4E24-ADA4-4D3625A7B52B}
		{1E5F3EFB-B57B-4156-A0E6-5C804B5747A2} = {89A7939C-1AA5-4E17-B29E-56AFDB1CA52C}
		{79BE596B-AA63-4B18-8212-0145905965D3} = {DDD04C96-B715-4021-9F6B-68C496C9198F}
		{0344276A-0A24-47AE-A841-012257BF7902} = {36A1B77F-A401-4EF3-A7DD-8960E1BD6501}
		{BC116B56-E141-475D-8AAB-54A3B51A98B9} = {C74FDA6C-C2D0-45E8-BDC6-E9C5ACB16303}
		{B01AD80A-F967-4319-8F8C-AFA97CD3006E} = {C74FDA6C-C2D0-45E8-BDC6-E9C5ACB16303}
		{0A86A8E1-F030-4ECD-A951-8DE18EF1471C} = {89A7939C-1AA5-4E17-B29E-56AFDB1CA52C}
		{1D599386-D6A4-4FF8-96B4-A873A41BA73D} = {DDD04C96-B715-4021-9F6B-68C496C9198F}
		{A6054E4D-2F99-4EBE-BAE0-147055A87DE2} = {839F0CB5-E001-4117-AA34-825D29DEC0B7}
		{CDB6ADCB-00DF-4C36-BFA6-22B96E6B2756} = {535ACDC7-3555-4207-92DA-80AD5F5002DA}
		{2AEE84AA-934B-4797-BC30-69C98BA88CE6} = {839F0CB5-E001-4117-AA34-825D29DEC0B7}
		{F98E4538-20CF-4AA0-9332-14FE67CEBD5D} = {839F0CB5-E001-4117-AA34-825D29DEC0B7}
		{3AAAA130-9236-414E-A90E-C50ED40219D1} = {839F0CB5-E001-4117-AA34-825D29DEC0B7}
		{E072404C-9E70-4DAB-B197-DE1E4B895F6C} = {839F0CB5-E001-4117-AA34-825D29DEC0B7}
		{BDA1548B-E6D8-4E7B-B962-68CD35B7E195} = {839F0CB5-E001-4117-AA34-825D29DEC0B7}
		{02EEA550-32C0-490B-ABDE-C9D185D6D50C} = {7FBF8F80-CA2D-4E24-ADA4-4D3625A7B52B}
		{71755B40-A585-419E-BD03-9556AB765201} = {89A7939C-1AA5-4E17-B29E-56AFDB1CA52C}
		{B4C3E59B-6C0F-4ECB-8613-A791C8BE9205} = {C74FDA6C-C2D0-45E8-BDC6-E9C5ACB16303}
		{22CA4ABA-D9F9-4A16-8E8D-9DBAF98E493B} = {C74FDA6C-C2D0-45E8-BDC6-E9C5ACB16303}
		{0741B6E1-E65E-44BC-8B30-9E205CCEDB4D} = {C74FDA6C-C2D0-45E8-BDC6-E9C5ACB16303}
		{7AC2B5B5-D82B-491A-91E5-6F10F7B62F02} = {DDD04C96-B715-4021-9F6B-68C496C9198F}
		{ECB640AD-F1F9-4C99-9456-80A74D3C870A} = {B2758F6B-AC4F-421F-A2FC-DFE81DB485FA}
		{B37BF888-07F0-43AA-AAED-002E2205FFC7} = {B2758F6B-AC4F-421F-A2FC-DFE81DB485FA}
		{DFFF2AD6-1DD8-49C7-9687-714BDC8DBBBD} = {B2758F6B-AC4F-421F-A2FC-DFE81DB485FA}
		{6491C72C-90CF-44A5-9FF2-B83B35327A65} = {535ACDC7-3555-4207-92DA-80AD5F5002DA}
		{7664CE0D-E3D1-4783-90E6-17749CA32976} = {535ACDC7-3555-4207-92DA-80AD5F5002DA}
		{A35E2834-F868-463B-A320-E20D807D59B2} = {B2758F6B-AC4F-421F-A2FC-DFE81DB485FA}
		{6568589E-CC2F-4788-8D60-B716757311DC} = {B2758F6B-AC4F-421F-A2FC-DFE81DB485FA}
		{89A7939C-1AA5-4E17-B29E-56AFDB1CA52C} = {747E6C9C-8B00-44E8-B35B-0B898A952280}
		{7FBF8F80-CA2D-4E24-ADA4-4D3625A7B52B} = {747E6C9C-8B00-44E8-B35B-0B898A952280}
		{839F0CB5-E001-4117-AA34-825D29DEC0B7} = {747E6C9C-8B00-44E8-B35B-0B898A952280}
		{36A1B77F-A401-4EF3-A7DD-8960E1BD6501} = {747E6C9C-8B00-44E8-B35B-0B898A952280}
		{535ACDC7-3555-4207-92DA-80AD5F5002DA} = {747E6C9C-8B00-44E8-B35B-0B898A952280}
		{B2758F6B-AC4F-421F-A2FC-DFE81DB485FA} = {747E6C9C-8B00-44E8-B35B-0B898A952280}
		{C74FDA6C-C2D0-45E8-BDC6-E9C5ACB16303} = {747E6C9C-8B00-44E8-B35B-0B898A952280}
		{AEFF5711-A047-4EA7-8CE4-A26A63734C03} = {89A7939C-1AA5-4E17-B29E-56AFDB1CA52C}
		{548A0564-6B1A-4494-A281-84D4A111A0C7} = {7FBF8F80-CA2D-4E24-ADA4-4D3625A7B52B}
		{C4E52770-10D4-4218-AACB-9AE6DA7DEEAF} = {89A7939C-1AA5-4E17-B29E-56AFDB1CA52C}
		{8801D951-4A1D-47FF-A2E5-44873262745E} = {C74FDA6C-C2D0-45E8-BDC6-E9C5ACB16303}
		{6A7BDF8E-8E54-42AA-99E3-BCBC7BABA124} = {36A1B77F-A401-4EF3-A7DD-8960E1BD6501}
		{CE761665-1F2C-433D-97E0-E619B2CDD581} = {36A1B77F-A401-4EF3-A7DD-8960E1BD6501}
		{508DDF57-F3BF-459E-B50A-B43A74A4EE85} = {535ACDC7-3555-4207-92DA-80AD5F5002DA}
		{7F8029DA-1B94-4B1D-B91F-5B21DBF2F3A2} = {DDD04C96-B715-4021-9F6B-68C496C9198F}
		{0D509C46-D2AF-40FE-9FA7-93933E80A568} = {7FBF8F80-CA2D-4E24-ADA4-4D3625A7B52B}
		{C6DEC70A-F183-43B9-9052-F830F6CCE589} = {89A7939C-1AA5-4E17-B29E-56AFDB1CA52C}
		{7B4580F8-FB42-4E1D-A0E7-9D83D4FA8FB2} = {535ACDC7-3555-4207-92DA-80AD5F5002DA}
		{29444D36-12BB-4A09-909E-5DA35B46E450} = {89A7939C-1AA5-4E17-B29E-56AFDB1CA52C}
		{4C76DC5A-E9AA-4D9F-909E-B3F949F9DCA9} = {89A7939C-1AA5-4E17-B29E-56AFDB1CA52C}
		{F0151142-A885-4D3B-B247-33BC82852FEC} = {89A7939C-1AA5-4E17-B29E-56AFDB1CA52C}
		{424DAFC2-612E-4D29-B511-683AEABB9E52} = {535ACDC7-3555-4207-92DA-80AD5F5002DA}
		{87A4075A-E5A2-4613-9E59-E70818E698D4} = {535ACDC7-3555-4207-92DA-80AD5F5002DA}
		{6901CCEC-A26B-4E3A-A7DC-911EBEF78098} = {B2758F6B-AC4F-421F-A2FC-DFE81DB485FA}
		{8B8A15DA-1ED1-42B9-BC97-2DA80AE4F10D} = {B2758F6B-AC4F-421F-A2FC-DFE81DB485FA}
		{BF88397B-6422-4F5C-AA05-F97936C35CA4} = {535ACDC7-3555-4207-92DA-80AD5F5002DA}
		{7F0FC3E1-E971-4D12-A701-4E1C1909D09F} = {F0382610-F71A-4943-9030-2431065A4263}
	EndGlobalSection
	GlobalSection(ExtensibilityGlobals) = postSolution
		SolutionGuid = {D0BC41C9-672C-4223-8B46-B59545080C48}
	EndGlobalSection
EndGlobal
